PODS:
  - Alamofire (4.0.0-beta.2)
  - Locksmith (2.0.8)
  - RxCocoa (3.0.0-beta.1):
    - RxSwift (~> 3.0.0-beta.1)
  - RxDataSources (1.0.0-beta.2):
    - RxCocoa (~> 3.0.0-beta.1)
    - RxSwift (~> 3.0.0-beta.1)
  - RxSwift (3.0.0-beta.1)
  - SwiftLocation (1.1.0)
  - SwiftyJSON (2.3.2)

DEPENDENCIES:
  - Alamofire (from `https://github.com/Alamofire/Alamofire.git`, branch `swift3`)
  - Locksmith (from `https://github.com/pascalfribi/Locksmith.git`, branch `swift-3.0`)
  - RxCocoa (~> 3.0.0-beta.1)
  - RxDataSources (~> 1.0.0-beta.2)
  - RxSwift (~> 3.0.0-beta.1)
  - SwiftLocation (~> 1.1)
  - SwiftyJSON (from `https://github.com/acegreen/SwiftyJSON`, branch `swift3`)

EXTERNAL SOURCES:
  Alamofire:
    :branch: swift3
    :git: https://github.com/Alamofire/Alamofire.git
  Locksmith:
    :branch: swift-3.0
    :git: https://github.com/pascalfribi/Locksmith.git
  SwiftyJSON:
    :branch: swift3
    :git: https://github.com/acegreen/SwiftyJSON

CHECKOUT OPTIONS:
  Alamofire:
    :commit: 680690beaa7abf9578487688de4d24d038f679b5
    :git: https://github.com/Alamofire/Alamofire.git
  Locksmith:
    :commit: 818938df8145ab67c9d5c26956999439acca34f9
    :git: https://github.com/pascalfribi/Locksmith.git
  SwiftyJSON:
    :commit: 8971384559780e631b041ac91b16734a396d4c14
    :git: https://github.com/acegreen/SwiftyJSON

SPEC CHECKSUMS:
  Alamofire: 7f837be535fe424db2b87d9117f13836939719ca
  Locksmith: a8ed41ac4c06506ea8cb199d8ec8a8d3d108eb2a
  RxCocoa: 8cecf331302b8ae5381bbab1bccba4ede2eae6a8
  RxDataSources: 1cd87dc97fd46be002942eb1dcb1b432535141dd
  RxSwift: 0823e8d7969c23bfa9ddfb2afa4881e424a1a710
  SwiftLocation: f1bf5acb7992dd96c6f773c383f9c0479f07727d
  SwiftyJSON: 04ccea08915aa0109039157c7974cf0298da292a

PODFILE CHECKSUM: a2dd3fd4aa9ca098879513b14043e94410a80b47

COCOAPODS: 1.1.0.rc.2
