// !$*UTF8*$!
{
	archiveVersion = 1;
	classes = {
	};
	objectVersion = 46;
	objects = {

/* Begin PBXBuildFile section */
		5D7D0435DAB0BFFD0C16196A /* Pods_VersionTwoUITests.framework in Frameworks */ = {isa = PBXBuildFile; fileRef = B021F62F71797C4E524EA254 /* Pods_VersionTwoUITests.framework */; };
		8205CBD2261E139EFF0DF689 /* Pods_VersionTwo.framework in Frameworks */ = {isa = PBXBuildFile; fileRef = BCC2C5DEAC23C8486FF0D43D /* Pods_VersionTwo.framework */; };
		96810A551D9092AA00F2EC86 /* UserViewModel.swift in Sources */ = {isa = PBXBuildFile; fileRef = 96810A541D9092AA00F2EC86 /* UserViewModel.swift */; };
		96810A5B1D90A46400F2EC86 /* BaseTableViewCell.swift in Sources */ = {isa = PBXBuildFile; fileRef = 96810A5A1D90A46400F2EC86 /* BaseTableViewCell.swift */; };
		96810A5D1D90A49C00F2EC86 /* RouteCell.swift in Sources */ = {isa = PBXBuildFile; fileRef = 96810A5C1D90A49C00F2EC86 /* RouteCell.swift */; };
		96A8AECC1D8C95C6006BB53B /* JSONParser.swift in Sources */ = {isa = PBXBuildFile; fileRef = 96A8AECB1D8C95C6006BB53B /* JSONParser.swift */; };
		96AB3CE81D80B634004B1BFF /* Config.swift in Sources */ = {isa = PBXBuildFile; fileRef = 96AB3CE71D80B634004B1BFF /* Config.swift */; };
		96AB3CEA1D80B813004B1BFF /* Config.plist in Resources */ = {isa = PBXBuildFile; fileRef = 96AB3CE91D80B813004B1BFF /* Config.plist */; };
		96AB3CEC1D80BD83004B1BFF /* RoutesListViewModel.swift in Sources */ = {isa = PBXBuildFile; fileRef = 96AB3CEB1D80BD83004B1BFF /* RoutesListViewModel.swift */; };
		96AB3CF01D80BE03004B1BFF /* RouteViewModel.swift in Sources */ = {isa = PBXBuildFile; fileRef = 96AB3CEF1D80BE03004B1BFF /* RouteViewModel.swift */; };
		96AB3CF31D80BE6C004B1BFF /* RoutesAPIManager.swift in Sources */ = {isa = PBXBuildFile; fileRef = 96AB3CF21D80BE6C004B1BFF /* RoutesAPIManager.swift */; };
		96AB3CF51D80BFD4004B1BFF /* UIImage.swift in Sources */ = {isa = PBXBuildFile; fileRef = 96AB3CF41D80BFD4004B1BFF /* UIImage.swift */; };
		96AB3CF81D80C150004B1BFF /* Colors.swift in Sources */ = {isa = PBXBuildFile; fileRef = 96AB3CF71D80C150004B1BFF /* Colors.swift */; };
		96CC5FD11D8B3EB30068D957 /* User.swift in Sources */ = {isa = PBXBuildFile; fileRef = 96CC5FD01D8B3EB30068D957 /* User.swift */; };
		96DC43E51D805A3D00B01B94 /* AppDelegate.swift in Sources */ = {isa = PBXBuildFile; fileRef = 96DC43E41D805A3D00B01B94 /* AppDelegate.swift */; };
		96DC43E71D805A3D00B01B94 /* ExploreViewController.swift in Sources */ = {isa = PBXBuildFile; fileRef = 96DC43E61D805A3D00B01B94 /* ExploreViewController.swift */; };
		96DC43EA1D805A3D00B01B94 /* Main.storyboard in Resources */ = {isa = PBXBuildFile; fileRef = 96DC43E81D805A3D00B01B94 /* Main.storyboard */; };
		96DC43EC1D805A3D00B01B94 /* Assets.xcassets in Resources */ = {isa = PBXBuildFile; fileRef = 96DC43EB1D805A3D00B01B94 /* Assets.xcassets */; };
		96DC43EF1D805A3D00B01B94 /* LaunchScreen.storyboard in Resources */ = {isa = PBXBuildFile; fileRef = 96DC43ED1D805A3D00B01B94 /* LaunchScreen.storyboard */; };
		96DC43FA1D805A3D00B01B94 /* VersionTwoTests.swift in Sources */ = {isa = PBXBuildFile; fileRef = 96DC43F91D805A3D00B01B94 /* VersionTwoTests.swift */; };
		96DC44051D805A3D00B01B94 /* VersionTwoUITests.swift in Sources */ = {isa = PBXBuildFile; fileRef = 96DC44041D805A3D00B01B94 /* VersionTwoUITests.swift */; };
		96DC44131D805AB100B01B94 /* Route.swift in Sources */ = {isa = PBXBuildFile; fileRef = 96DC44121D805AB100B01B94 /* Route.swift */; };
		BEA6FDF1D0397B84300080B9 /* Pods_VersionTwoTests.framework in Frameworks */ = {isa = PBXBuildFile; fileRef = FD89B26ECDE0B30DC0A0F4C1 /* Pods_VersionTwoTests.framework */; };
/* End PBXBuildFile section */

/* Begin PBXContainerItemProxy section */
		96DC43F61D805A3D00B01B94 /* PBXContainerItemProxy */ = {
			isa = PBXContainerItemProxy;
			containerPortal = 96DC43D91D805A3D00B01B94 /* Project object */;
			proxyType = 1;
			remoteGlobalIDString = 96DC43E01D805A3D00B01B94;
			remoteInfo = VersionTwo;
		};
		96DC44011D805A3D00B01B94 /* PBXContainerItemProxy */ = {
			isa = PBXContainerItemProxy;
			containerPortal = 96DC43D91D805A3D00B01B94 /* Project object */;
			proxyType = 1;
			remoteGlobalIDString = 96DC43E01D805A3D00B01B94;
			remoteInfo = VersionTwo;
		};
/* End PBXContainerItemProxy section */

/* Begin PBXFileReference section */
		00757CBF9719BCB038BDBA83 /* Pods-VersionTwoUITests.release.xcconfig */ = {isa = PBXFileReference; includeInIndex = 1; lastKnownFileType = text.xcconfig; name = "Pods-VersionTwoUITests.release.xcconfig"; path = "Pods/Target Support Files/Pods-VersionTwoUITests/Pods-VersionTwoUITests.release.xcconfig"; sourceTree = "<group>"; };
		248E6B7086E87795DC74B10F /* Pods-VersionTwoUITests.debug.xcconfig */ = {isa = PBXFileReference; includeInIndex = 1; lastKnownFileType = text.xcconfig; name = "Pods-VersionTwoUITests.debug.xcconfig"; path = "Pods/Target Support Files/Pods-VersionTwoUITests/Pods-VersionTwoUITests.debug.xcconfig"; sourceTree = "<group>"; };
		2FE65A3275310E813D9A0EF9 /* Pods-VersionTwoUITests.staging.xcconfig */ = {isa = PBXFileReference; includeInIndex = 1; lastKnownFileType = text.xcconfig; name = "Pods-VersionTwoUITests.staging.xcconfig"; path = "Pods/Target Support Files/Pods-VersionTwoUITests/Pods-VersionTwoUITests.staging.xcconfig"; sourceTree = "<group>"; };
		344EC84345D255907E6259AB /* Pods-VersionTwoTests.staging.xcconfig */ = {isa = PBXFileReference; includeInIndex = 1; lastKnownFileType = text.xcconfig; name = "Pods-VersionTwoTests.staging.xcconfig"; path = "Pods/Target Support Files/Pods-VersionTwoTests/Pods-VersionTwoTests.staging.xcconfig"; sourceTree = "<group>"; };
		60EA111D638A4249ABB328B8 /* Pods-VersionTwo.release.xcconfig */ = {isa = PBXFileReference; includeInIndex = 1; lastKnownFileType = text.xcconfig; name = "Pods-VersionTwo.release.xcconfig"; path = "Pods/Target Support Files/Pods-VersionTwo/Pods-VersionTwo.release.xcconfig"; sourceTree = "<group>"; };
		79BD9F3D66150E63FBED9E48 /* Pods-VersionTwoUITests.production.xcconfig */ = {isa = PBXFileReference; includeInIndex = 1; lastKnownFileType = text.xcconfig; name = "Pods-VersionTwoUITests.production.xcconfig"; path = "Pods/Target Support Files/Pods-VersionTwoUITests/Pods-VersionTwoUITests.production.xcconfig"; sourceTree = "<group>"; };
		83D4E2F7C46748642FAB24DF /* Pods-VersionTwoTests.development.xcconfig */ = {isa = PBXFileReference; includeInIndex = 1; lastKnownFileType = text.xcconfig; name = "Pods-VersionTwoTests.development.xcconfig"; path = "Pods/Target Support Files/Pods-VersionTwoTests/Pods-VersionTwoTests.development.xcconfig"; sourceTree = "<group>"; };
		8C4DA4A54A5317AA1FDE4B15 /* Pods-VersionTwoTests.debug.xcconfig */ = {isa = PBXFileReference; includeInIndex = 1; lastKnownFileType = text.xcconfig; name = "Pods-VersionTwoTests.debug.xcconfig"; path = "Pods/Target Support Files/Pods-VersionTwoTests/Pods-VersionTwoTests.debug.xcconfig"; sourceTree = "<group>"; };
		96810A541D9092AA00F2EC86 /* UserViewModel.swift */ = {isa = PBXFileReference; fileEncoding = 4; lastKnownFileType = sourcecode.swift; path = UserViewModel.swift; sourceTree = "<group>"; };
		96810A5A1D90A46400F2EC86 /* BaseTableViewCell.swift */ = {isa = PBXFileReference; fileEncoding = 4; lastKnownFileType = sourcecode.swift; path = BaseTableViewCell.swift; sourceTree = "<group>"; };
		96810A5C1D90A49C00F2EC86 /* RouteCell.swift */ = {isa = PBXFileReference; fileEncoding = 4; lastKnownFileType = sourcecode.swift; path = RouteCell.swift; sourceTree = "<group>"; };
		96A8AECB1D8C95C6006BB53B /* JSONParser.swift */ = {isa = PBXFileReference; fileEncoding = 4; lastKnownFileType = sourcecode.swift; path = JSONParser.swift; sourceTree = "<group>"; };
		96AB3CE71D80B634004B1BFF /* Config.swift */ = {isa = PBXFileReference; fileEncoding = 4; lastKnownFileType = sourcecode.swift; path = Config.swift; sourceTree = "<group>"; };
		96AB3CE91D80B813004B1BFF /* Config.plist */ = {isa = PBXFileReference; fileEncoding = 4; lastKnownFileType = text.plist.xml; path = Config.plist; sourceTree = "<group>"; };
		96AB3CEB1D80BD83004B1BFF /* RoutesListViewModel.swift */ = {isa = PBXFileReference; fileEncoding = 4; lastKnownFileType = sourcecode.swift; name = RoutesListViewModel.swift; path = ../RoutesListViewModel.swift; sourceTree = "<group>"; };
		96AB3CEF1D80BE03004B1BFF /* RouteViewModel.swift */ = {isa = PBXFileReference; fileEncoding = 4; lastKnownFileType = sourcecode.swift; path = RouteViewModel.swift; sourceTree = "<group>"; };
		96AB3CF21D80BE6C004B1BFF /* RoutesAPIManager.swift */ = {isa = PBXFileReference; fileEncoding = 4; lastKnownFileType = sourcecode.swift; path = RoutesAPIManager.swift; sourceTree = "<group>"; };
		96AB3CF41D80BFD4004B1BFF /* UIImage.swift */ = {isa = PBXFileReference; fileEncoding = 4; lastKnownFileType = sourcecode.swift; path = UIImage.swift; sourceTree = "<group>"; };
		96AB3CF71D80C150004B1BFF /* Colors.swift */ = {isa = PBXFileReference; fileEncoding = 4; lastKnownFileType = sourcecode.swift; path = Colors.swift; sourceTree = "<group>"; };
		96CC5FD01D8B3EB30068D957 /* User.swift */ = {isa = PBXFileReference; fileEncoding = 4; lastKnownFileType = sourcecode.swift; path = User.swift; sourceTree = "<group>"; };
		96DC43E11D805A3D00B01B94 /* VersionTwo.app */ = {isa = PBXFileReference; explicitFileType = wrapper.application; includeInIndex = 0; path = VersionTwo.app; sourceTree = BUILT_PRODUCTS_DIR; };
		96DC43E41D805A3D00B01B94 /* AppDelegate.swift */ = {isa = PBXFileReference; lastKnownFileType = sourcecode.swift; path = AppDelegate.swift; sourceTree = "<group>"; };
		96DC43E61D805A3D00B01B94 /* ExploreViewController.swift */ = {isa = PBXFileReference; lastKnownFileType = sourcecode.swift; path = ExploreViewController.swift; sourceTree = "<group>"; };
		96DC43E91D805A3D00B01B94 /* Base */ = {isa = PBXFileReference; lastKnownFileType = file.storyboard; name = Base; path = Base.lproj/Main.storyboard; sourceTree = "<group>"; };
		96DC43EB1D805A3D00B01B94 /* Assets.xcassets */ = {isa = PBXFileReference; lastKnownFileType = folder.assetcatalog; path = Assets.xcassets; sourceTree = "<group>"; };
		96DC43EE1D805A3D00B01B94 /* Base */ = {isa = PBXFileReference; lastKnownFileType = file.storyboard; name = Base; path = Base.lproj/LaunchScreen.storyboard; sourceTree = "<group>"; };
		96DC43F01D805A3D00B01B94 /* Info.plist */ = {isa = PBXFileReference; lastKnownFileType = text.plist.xml; path = Info.plist; sourceTree = "<group>"; };
		96DC43F51D805A3D00B01B94 /* VersionTwoTests.xctest */ = {isa = PBXFileReference; explicitFileType = wrapper.cfbundle; includeInIndex = 0; path = VersionTwoTests.xctest; sourceTree = BUILT_PRODUCTS_DIR; };
		96DC43F91D805A3D00B01B94 /* VersionTwoTests.swift */ = {isa = PBXFileReference; lastKnownFileType = sourcecode.swift; path = VersionTwoTests.swift; sourceTree = "<group>"; };
		96DC43FB1D805A3D00B01B94 /* Info.plist */ = {isa = PBXFileReference; lastKnownFileType = text.plist.xml; path = Info.plist; sourceTree = "<group>"; };
		96DC44001D805A3D00B01B94 /* VersionTwoUITests.xctest */ = {isa = PBXFileReference; explicitFileType = wrapper.cfbundle; includeInIndex = 0; path = VersionTwoUITests.xctest; sourceTree = BUILT_PRODUCTS_DIR; };
		96DC44041D805A3D00B01B94 /* VersionTwoUITests.swift */ = {isa = PBXFileReference; lastKnownFileType = sourcecode.swift; path = VersionTwoUITests.swift; sourceTree = "<group>"; };
		96DC44061D805A3D00B01B94 /* Info.plist */ = {isa = PBXFileReference; lastKnownFileType = text.plist.xml; path = Info.plist; sourceTree = "<group>"; };
		96DC44121D805AB100B01B94 /* Route.swift */ = {isa = PBXFileReference; fileEncoding = 4; lastKnownFileType = sourcecode.swift; path = Route.swift; sourceTree = "<group>"; };
		9D6D04158DD37B037CA8AAFD /* Pods-VersionTwoTests.release.xcconfig */ = {isa = PBXFileReference; includeInIndex = 1; lastKnownFileType = text.xcconfig; name = "Pods-VersionTwoTests.release.xcconfig"; path = "Pods/Target Support Files/Pods-VersionTwoTests/Pods-VersionTwoTests.release.xcconfig"; sourceTree = "<group>"; };
		A01D009321B69948E08765B1 /* Pods-VersionTwoTests.production.xcconfig */ = {isa = PBXFileReference; includeInIndex = 1; lastKnownFileType = text.xcconfig; name = "Pods-VersionTwoTests.production.xcconfig"; path = "Pods/Target Support Files/Pods-VersionTwoTests/Pods-VersionTwoTests.production.xcconfig"; sourceTree = "<group>"; };
		A0560C623C9048F786FDA111 /* Pods-VersionTwoUITests.development.xcconfig */ = {isa = PBXFileReference; includeInIndex = 1; lastKnownFileType = text.xcconfig; name = "Pods-VersionTwoUITests.development.xcconfig"; path = "Pods/Target Support Files/Pods-VersionTwoUITests/Pods-VersionTwoUITests.development.xcconfig"; sourceTree = "<group>"; };
		AAE41D88016F1113935C7B48 /* Pods-VersionTwo.development.xcconfig */ = {isa = PBXFileReference; includeInIndex = 1; lastKnownFileType = text.xcconfig; name = "Pods-VersionTwo.development.xcconfig"; path = "Pods/Target Support Files/Pods-VersionTwo/Pods-VersionTwo.development.xcconfig"; sourceTree = "<group>"; };
		B021F62F71797C4E524EA254 /* Pods_VersionTwoUITests.framework */ = {isa = PBXFileReference; explicitFileType = wrapper.framework; includeInIndex = 0; path = Pods_VersionTwoUITests.framework; sourceTree = BUILT_PRODUCTS_DIR; };
		BCC2C5DEAC23C8486FF0D43D /* Pods_VersionTwo.framework */ = {isa = PBXFileReference; explicitFileType = wrapper.framework; includeInIndex = 0; path = Pods_VersionTwo.framework; sourceTree = BUILT_PRODUCTS_DIR; };
		C63F77CBD35AC9C479ED7A5B /* Pods-VersionTwo.production.xcconfig */ = {isa = PBXFileReference; includeInIndex = 1; lastKnownFileType = text.xcconfig; name = "Pods-VersionTwo.production.xcconfig"; path = "Pods/Target Support Files/Pods-VersionTwo/Pods-VersionTwo.production.xcconfig"; sourceTree = "<group>"; };
		CC7726E5B9492F0424FE1B8E /* Pods-VersionTwo.debug.xcconfig */ = {isa = PBXFileReference; includeInIndex = 1; lastKnownFileType = text.xcconfig; name = "Pods-VersionTwo.debug.xcconfig"; path = "Pods/Target Support Files/Pods-VersionTwo/Pods-VersionTwo.debug.xcconfig"; sourceTree = "<group>"; };
		DD2433E133D13CBF00FC385A /* Pods-VersionTwo.staging.xcconfig */ = {isa = PBXFileReference; includeInIndex = 1; lastKnownFileType = text.xcconfig; name = "Pods-VersionTwo.staging.xcconfig"; path = "Pods/Target Support Files/Pods-VersionTwo/Pods-VersionTwo.staging.xcconfig"; sourceTree = "<group>"; };
		FD89B26ECDE0B30DC0A0F4C1 /* Pods_VersionTwoTests.framework */ = {isa = PBXFileReference; explicitFileType = wrapper.framework; includeInIndex = 0; path = Pods_VersionTwoTests.framework; sourceTree = BUILT_PRODUCTS_DIR; };
/* End PBXFileReference section */

/* Begin PBXFrameworksBuildPhase section */
		96DC43DE1D805A3D00B01B94 /* Frameworks */ = {
			isa = PBXFrameworksBuildPhase;
			buildActionMask = 2147483647;
			files = (
				8205CBD2261E139EFF0DF689 /* Pods_VersionTwo.framework in Frameworks */,
			);
			runOnlyForDeploymentPostprocessing = 0;
		};
		96DC43F21D805A3D00B01B94 /* Frameworks */ = {
			isa = PBXFrameworksBuildPhase;
			buildActionMask = 2147483647;
			files = (
				BEA6FDF1D0397B84300080B9 /* Pods_VersionTwoTests.framework in Frameworks */,
			);
			runOnlyForDeploymentPostprocessing = 0;
		};
		96DC43FD1D805A3D00B01B94 /* Frameworks */ = {
			isa = PBXFrameworksBuildPhase;
			buildActionMask = 2147483647;
			files = (
				5D7D0435DAB0BFFD0C16196A /* Pods_VersionTwoUITests.framework in Frameworks */,
			);
			runOnlyForDeploymentPostprocessing = 0;
		};
/* End PBXFrameworksBuildPhase section */

/* Begin PBXGroup section */
		01D5CDFB49E5E61453E29380 /* Frameworks */ = {
			isa = PBXGroup;
			children = (
				BCC2C5DEAC23C8486FF0D43D /* Pods_VersionTwo.framework */,
				FD89B26ECDE0B30DC0A0F4C1 /* Pods_VersionTwoTests.framework */,
				B021F62F71797C4E524EA254 /* Pods_VersionTwoUITests.framework */,
			);
			name = Frameworks;
			sourceTree = "<group>";
		};
		044FE9F45ACB5E8E322F69C2 /* Pods */ = {
			isa = PBXGroup;
			children = (
				CC7726E5B9492F0424FE1B8E /* Pods-VersionTwo.debug.xcconfig */,
				AAE41D88016F1113935C7B48 /* Pods-VersionTwo.development.xcconfig */,
				DD2433E133D13CBF00FC385A /* Pods-VersionTwo.staging.xcconfig */,
				60EA111D638A4249ABB328B8 /* Pods-VersionTwo.release.xcconfig */,
				C63F77CBD35AC9C479ED7A5B /* Pods-VersionTwo.production.xcconfig */,
				8C4DA4A54A5317AA1FDE4B15 /* Pods-VersionTwoTests.debug.xcconfig */,
				83D4E2F7C46748642FAB24DF /* Pods-VersionTwoTests.development.xcconfig */,
				344EC84345D255907E6259AB /* Pods-VersionTwoTests.staging.xcconfig */,
				9D6D04158DD37B037CA8AAFD /* Pods-VersionTwoTests.release.xcconfig */,
				A01D009321B69948E08765B1 /* Pods-VersionTwoTests.production.xcconfig */,
				248E6B7086E87795DC74B10F /* Pods-VersionTwoUITests.debug.xcconfig */,
				A0560C623C9048F786FDA111 /* Pods-VersionTwoUITests.development.xcconfig */,
				2FE65A3275310E813D9A0EF9 /* Pods-VersionTwoUITests.staging.xcconfig */,
				00757CBF9719BCB038BDBA83 /* Pods-VersionTwoUITests.release.xcconfig */,
				79BD9F3D66150E63FBED9E48 /* Pods-VersionTwoUITests.production.xcconfig */,
			);
			name = Pods;
			sourceTree = "<group>";
		};
		96A8AECA1D8C9593006BB53B /* Routes */ = {
			isa = PBXGroup;
			children = (
				96AB3CF21D80BE6C004B1BFF /* RoutesAPIManager.swift */,
				96A8AECB1D8C95C6006BB53B /* JSONParser.swift */,
			);
			name = Routes;
			sourceTree = "<group>";
		};
		96AB3CED1D80BD9A004B1BFF /* ViewModels */ = {
			isa = PBXGroup;
			children = (
				96AB3CEB1D80BD83004B1BFF /* RoutesListViewModel.swift */,
				96AB3CEF1D80BE03004B1BFF /* RouteViewModel.swift */,
				96810A541D9092AA00F2EC86 /* UserViewModel.swift */,
			);
			name = ViewModels;
			sourceTree = "<group>";
		};
		96AB3CEE1D80BDAF004B1BFF /* Configuration */ = {
			isa = PBXGroup;
			children = (
				96AB3CE71D80B634004B1BFF /* Config.swift */,
				96DC43F01D805A3D00B01B94 /* Info.plist */,
				96AB3CE91D80B813004B1BFF /* Config.plist */,
			);
			name = Configuration;
			sourceTree = "<group>";
		};
		96AB3CF11D80BE20004B1BFF /* Controllers */ = {
			isa = PBXGroup;
			children = (
				96DC43E61D805A3D00B01B94 /* ExploreViewController.swift */,
			);
			name = Controllers;
			sourceTree = "<group>";
		};
		96AB3CF61D80C01E004B1BFF /* UI */ = {
			isa = PBXGroup;
			children = (
				96AB3CF41D80BFD4004B1BFF /* UIImage.swift */,
				96AB3CF71D80C150004B1BFF /* Colors.swift */,
			);
			name = UI;
			sourceTree = "<group>";
		};
		96DC43D81D805A3D00B01B94 = {
			isa = PBXGroup;
			children = (
				96DC43E31D805A3D00B01B94 /* VersionTwo */,
				96DC43F81D805A3D00B01B94 /* VersionTwoTests */,
				96DC44031D805A3D00B01B94 /* VersionTwoUITests */,
				96DC43E21D805A3D00B01B94 /* Products */,
				044FE9F45ACB5E8E322F69C2 /* Pods */,
				01D5CDFB49E5E61453E29380 /* Frameworks */,
			);
			sourceTree = "<group>";
		};
		96DC43E21D805A3D00B01B94 /* Products */ = {
			isa = PBXGroup;
			children = (
				96DC43E11D805A3D00B01B94 /* VersionTwo.app */,
				96DC43F51D805A3D00B01B94 /* VersionTwoTests.xctest */,
				96DC44001D805A3D00B01B94 /* VersionTwoUITests.xctest */,
			);
			name = Products;
			sourceTree = "<group>";
		};
		96DC43E31D805A3D00B01B94 /* VersionTwo */ = {
			isa = PBXGroup;
			children = (
				96DC43E41D805A3D00B01B94 /* AppDelegate.swift */,
				96DC44141D805B0000B01B94 /* Models */,
				96DC44151D805B1500B01B94 /* View */,
				96AB3CED1D80BD9A004B1BFF /* ViewModels */,
				96AB3CF11D80BE20004B1BFF /* Controllers */,
				96AB3CEE1D80BDAF004B1BFF /* Configuration */,
				96A8AECA1D8C9593006BB53B /* Routes */,
				96AB3CF61D80C01E004B1BFF /* UI */,
				96810A5A1D90A46400F2EC86 /* BaseTableViewCell.swift */,
				96810A5C1D90A49C00F2EC86 /* RouteCell.swift */,
			);
			path = VersionTwo;
			sourceTree = "<group>";
		};
		96DC43F81D805A3D00B01B94 /* VersionTwoTests */ = {
			isa = PBXGroup;
			children = (
				96DC43F91D805A3D00B01B94 /* VersionTwoTests.swift */,
				96DC43FB1D805A3D00B01B94 /* Info.plist */,
			);
			path = VersionTwoTests;
			sourceTree = "<group>";
		};
		96DC44031D805A3D00B01B94 /* VersionTwoUITests */ = {
			isa = PBXGroup;
			children = (
				96DC44041D805A3D00B01B94 /* VersionTwoUITests.swift */,
				96DC44061D805A3D00B01B94 /* Info.plist */,
			);
			path = VersionTwoUITests;
			sourceTree = "<group>";
		};
		96DC44141D805B0000B01B94 /* Models */ = {
			isa = PBXGroup;
			children = (
				96DC44121D805AB100B01B94 /* Route.swift */,
				96CC5FD01D8B3EB30068D957 /* User.swift */,
			);
			name = Models;
			sourceTree = "<group>";
		};
		96DC44151D805B1500B01B94 /* View */ = {
			isa = PBXGroup;
			children = (
				96DC43E81D805A3D00B01B94 /* Main.storyboard */,
				96DC43EB1D805A3D00B01B94 /* Assets.xcassets */,
				96DC43ED1D805A3D00B01B94 /* LaunchScreen.storyboard */,
			);
			name = View;
			sourceTree = "<group>";
		};
/* End PBXGroup section */

/* Begin PBXNativeTarget section */
		96DC43E01D805A3D00B01B94 /* VersionTwo */ = {
			isa = PBXNativeTarget;
			buildConfigurationList = 96DC44091D805A3D00B01B94 /* Build configuration list for PBXNativeTarget "VersionTwo" */;
			buildPhases = (
				846B2928959A83560FBF4E01 /* [CP] Check Pods Manifest.lock */,
				96DC43DD1D805A3D00B01B94 /* Sources */,
				96DC43DE1D805A3D00B01B94 /* Frameworks */,
				96DC43DF1D805A3D00B01B94 /* Resources */,
				D7BDDBB2F7745816EBB106D9 /* [CP] Embed Pods Frameworks */,
				8195725F450E087C922B43C1 /* [CP] Copy Pods Resources */,
			);
			buildRules = (
			);
			dependencies = (
			);
			name = VersionTwo;
			productName = VersionTwo;
			productReference = 96DC43E11D805A3D00B01B94 /* VersionTwo.app */;
			productType = "com.apple.product-type.application";
		};
		96DC43F41D805A3D00B01B94 /* VersionTwoTests */ = {
			isa = PBXNativeTarget;
			buildConfigurationList = 96DC440C1D805A3D00B01B94 /* Build configuration list for PBXNativeTarget "VersionTwoTests" */;
			buildPhases = (
				CFBFDE6FAC8B1239EA6E8853 /* [CP] Check Pods Manifest.lock */,
				96DC43F11D805A3D00B01B94 /* Sources */,
				96DC43F21D805A3D00B01B94 /* Frameworks */,
				96DC43F31D805A3D00B01B94 /* Resources */,
				1A074A4CFFEA2F40BF20538C /* [CP] Embed Pods Frameworks */,
				619E739D23A2EFF9AA78553E /* [CP] Copy Pods Resources */,
			);
			buildRules = (
			);
			dependencies = (
				96DC43F71D805A3D00B01B94 /* PBXTargetDependency */,
			);
			name = VersionTwoTests;
			productName = VersionTwoTests;
			productReference = 96DC43F51D805A3D00B01B94 /* VersionTwoTests.xctest */;
			productType = "com.apple.product-type.bundle.unit-test";
		};
		96DC43FF1D805A3D00B01B94 /* VersionTwoUITests */ = {
			isa = PBXNativeTarget;
			buildConfigurationList = 96DC440F1D805A3D00B01B94 /* Build configuration list for PBXNativeTarget "VersionTwoUITests" */;
			buildPhases = (
				65D8D5C2BF2DD5EB95C54908 /* [CP] Check Pods Manifest.lock */,
				96DC43FC1D805A3D00B01B94 /* Sources */,
				96DC43FD1D805A3D00B01B94 /* Frameworks */,
				96DC43FE1D805A3D00B01B94 /* Resources */,
				B7F8FCDA6FF0E6804877A2E2 /* [CP] Copy Pods Resources */,
				C1F19E96CB837060415B5BB0 /* [CP] Embed Pods Frameworks */,
			);
			buildRules = (
			);
			dependencies = (
				96DC44021D805A3D00B01B94 /* PBXTargetDependency */,
			);
			name = VersionTwoUITests;
			productName = VersionTwoUITests;
			productReference = 96DC44001D805A3D00B01B94 /* VersionTwoUITests.xctest */;
			productType = "com.apple.product-type.bundle.ui-testing";
		};
/* End PBXNativeTarget section */

/* Begin PBXProject section */
		96DC43D91D805A3D00B01B94 /* Project object */ = {
			isa = PBXProject;
			attributes = {
				LastSwiftUpdateCheck = 0800;
				LastUpgradeCheck = 0800;
				ORGANIZATIONNAME = Skedaddle;
				TargetAttributes = {
					96DC43E01D805A3D00B01B94 = {
						CreatedOnToolsVersion = 8.0;
						DevelopmentTeam = K8HU92W3ZM;
						ProvisioningStyle = Automatic;
					};
					96DC43F41D805A3D00B01B94 = {
						CreatedOnToolsVersion = 8.0;
						DevelopmentTeam = K8HU92W3ZM;
						ProvisioningStyle = Automatic;
						TestTargetID = 96DC43E01D805A3D00B01B94;
					};
					96DC43FF1D805A3D00B01B94 = {
						CreatedOnToolsVersion = 8.0;
						DevelopmentTeam = K8HU92W3ZM;
						ProvisioningStyle = Automatic;
						TestTargetID = 96DC43E01D805A3D00B01B94;
					};
				};
			};
			buildConfigurationList = 96DC43DC1D805A3D00B01B94 /* Build configuration list for PBXProject "VersionTwo" */;
			compatibilityVersion = "Xcode 3.2";
			developmentRegion = English;
			hasScannedForEncodings = 0;
			knownRegions = (
				en,
				Base,
			);
			mainGroup = 96DC43D81D805A3D00B01B94;
			productRefGroup = 96DC43E21D805A3D00B01B94 /* Products */;
			projectDirPath = "";
			projectRoot = "";
			targets = (
				96DC43E01D805A3D00B01B94 /* VersionTwo */,
				96DC43F41D805A3D00B01B94 /* VersionTwoTests */,
				96DC43FF1D805A3D00B01B94 /* VersionTwoUITests */,
			);
		};
/* End PBXProject section */

/* Begin PBXResourcesBuildPhase section */
		96DC43DF1D805A3D00B01B94 /* Resources */ = {
			isa = PBXResourcesBuildPhase;
			buildActionMask = 2147483647;
			files = (
				96AB3CEA1D80B813004B1BFF /* Config.plist in Resources */,
				96DC43EF1D805A3D00B01B94 /* LaunchScreen.storyboard in Resources */,
				96DC43EC1D805A3D00B01B94 /* Assets.xcassets in Resources */,
				96DC43EA1D805A3D00B01B94 /* Main.storyboard in Resources */,
			);
			runOnlyForDeploymentPostprocessing = 0;
		};
		96DC43F31D805A3D00B01B94 /* Resources */ = {
			isa = PBXResourcesBuildPhase;
			buildActionMask = 2147483647;
			files = (
			);
			runOnlyForDeploymentPostprocessing = 0;
		};
		96DC43FE1D805A3D00B01B94 /* Resources */ = {
			isa = PBXResourcesBuildPhase;
			buildActionMask = 2147483647;
			files = (
			);
			runOnlyForDeploymentPostprocessing = 0;
		};
/* End PBXResourcesBuildPhase section */

/* Begin PBXShellScriptBuildPhase section */
		1A074A4CFFEA2F40BF20538C /* [CP] Embed Pods Frameworks */ = {
			isa = PBXShellScriptBuildPhase;
			buildActionMask = 2147483647;
			files = (
			);
			inputPaths = (
			);
			name = "[CP] Embed Pods Frameworks";
			outputPaths = (
			);
			runOnlyForDeploymentPostprocessing = 0;
			shellPath = /bin/sh;
			shellScript = "\"${SRCROOT}/Pods/Target Support Files/Pods-VersionTwoTests/Pods-VersionTwoTests-frameworks.sh\"\n";
			showEnvVarsInLog = 0;
		};
		619E739D23A2EFF9AA78553E /* [CP] Copy Pods Resources */ = {
			isa = PBXShellScriptBuildPhase;
			buildActionMask = 2147483647;
			files = (
			);
			inputPaths = (
			);
			name = "[CP] Copy Pods Resources";
			outputPaths = (
			);
			runOnlyForDeploymentPostprocessing = 0;
			shellPath = /bin/sh;
			shellScript = "\"${SRCROOT}/Pods/Target Support Files/Pods-VersionTwoTests/Pods-VersionTwoTests-resources.sh\"\n";
			showEnvVarsInLog = 0;
		};
		65D8D5C2BF2DD5EB95C54908 /* [CP] Check Pods Manifest.lock */ = {
			isa = PBXShellScriptBuildPhase;
			buildActionMask = 2147483647;
			files = (
			);
			inputPaths = (
			);
			name = "[CP] Check Pods Manifest.lock";
			outputPaths = (
			);
			runOnlyForDeploymentPostprocessing = 0;
			shellPath = /bin/sh;
			shellScript = "diff \"${PODS_ROOT}/../Podfile.lock\" \"${PODS_ROOT}/Manifest.lock\" > /dev/null\nif [ $? != 0 ] ; then\n    # print error to STDERR\n    echo \"error: The sandbox is not in sync with the Podfile.lock. Run 'pod install' or update your CocoaPods installation.\" >&2\n    exit 1\nfi\n";
			showEnvVarsInLog = 0;
		};
		8195725F450E087C922B43C1 /* [CP] Copy Pods Resources */ = {
			isa = PBXShellScriptBuildPhase;
			buildActionMask = 2147483647;
			files = (
			);
			inputPaths = (
			);
			name = "[CP] Copy Pods Resources";
			outputPaths = (
			);
			runOnlyForDeploymentPostprocessing = 0;
			shellPath = /bin/sh;
			shellScript = "\"${SRCROOT}/Pods/Target Support Files/Pods-VersionTwo/Pods-VersionTwo-resources.sh\"\n";
			showEnvVarsInLog = 0;
		};
		846B2928959A83560FBF4E01 /* [CP] Check Pods Manifest.lock */ = {
			isa = PBXShellScriptBuildPhase;
			buildActionMask = 2147483647;
			files = (
			);
			inputPaths = (
			);
			name = "[CP] Check Pods Manifest.lock";
			outputPaths = (
			);
			runOnlyForDeploymentPostprocessing = 0;
			shellPath = /bin/sh;
			shellScript = "diff \"${PODS_ROOT}/../Podfile.lock\" \"${PODS_ROOT}/Manifest.lock\" > /dev/null\nif [ $? != 0 ] ; then\n    # print error to STDERR\n    echo \"error: The sandbox is not in sync with the Podfile.lock. Run 'pod install' or update your CocoaPods installation.\" >&2\n    exit 1\nfi\n";
			showEnvVarsInLog = 0;
		};
		B7F8FCDA6FF0E6804877A2E2 /* [CP] Copy Pods Resources */ = {
			isa = PBXShellScriptBuildPhase;
			buildActionMask = 2147483647;
			files = (
			);
			inputPaths = (
			);
			name = "[CP] Copy Pods Resources";
			outputPaths = (
			);
			runOnlyForDeploymentPostprocessing = 0;
			shellPath = /bin/sh;
			shellScript = "\"${SRCROOT}/Pods/Target Support Files/Pods-VersionTwoUITests/Pods-VersionTwoUITests-resources.sh\"\n";
			showEnvVarsInLog = 0;
		};
		C1F19E96CB837060415B5BB0 /* [CP] Embed Pods Frameworks */ = {
			isa = PBXShellScriptBuildPhase;
			buildActionMask = 2147483647;
			files = (
			);
			inputPaths = (
			);
			name = "[CP] Embed Pods Frameworks";
			outputPaths = (
			);
			runOnlyForDeploymentPostprocessing = 0;
			shellPath = /bin/sh;
			shellScript = "\"${SRCROOT}/Pods/Target Support Files/Pods-VersionTwoUITests/Pods-VersionTwoUITests-frameworks.sh\"\n";
			showEnvVarsInLog = 0;
		};
		CFBFDE6FAC8B1239EA6E8853 /* [CP] Check Pods Manifest.lock */ = {
			isa = PBXShellScriptBuildPhase;
			buildActionMask = 2147483647;
			files = (
			);
			inputPaths = (
			);
			name = "[CP] Check Pods Manifest.lock";
			outputPaths = (
			);
			runOnlyForDeploymentPostprocessing = 0;
			shellPath = /bin/sh;
			shellScript = "diff \"${PODS_ROOT}/../Podfile.lock\" \"${PODS_ROOT}/Manifest.lock\" > /dev/null\nif [ $? != 0 ] ; then\n    # print error to STDERR\n    echo \"error: The sandbox is not in sync with the Podfile.lock. Run 'pod install' or update your CocoaPods installation.\" >&2\n    exit 1\nfi\n";
			showEnvVarsInLog = 0;
		};
		D7BDDBB2F7745816EBB106D9 /* [CP] Embed Pods Frameworks */ = {
			isa = PBXShellScriptBuildPhase;
			buildActionMask = 2147483647;
			files = (
			);
			inputPaths = (
			);
			name = "[CP] Embed Pods Frameworks";
			outputPaths = (
			);
			runOnlyForDeploymentPostprocessing = 0;
			shellPath = /bin/sh;
			shellScript = "\"${SRCROOT}/Pods/Target Support Files/Pods-VersionTwo/Pods-VersionTwo-frameworks.sh\"\n";
			showEnvVarsInLog = 0;
		};
/* End PBXShellScriptBuildPhase section */

/* Begin PBXSourcesBuildPhase section */
		96DC43DD1D805A3D00B01B94 /* Sources */ = {
			isa = PBXSourcesBuildPhase;
			buildActionMask = 2147483647;
			files = (
				96AB3CF01D80BE03004B1BFF /* RouteViewModel.swift in Sources */,
				96810A551D9092AA00F2EC86 /* UserViewModel.swift in Sources */,
				96AB3CF81D80C150004B1BFF /* Colors.swift in Sources */,
				96AB3CF51D80BFD4004B1BFF /* UIImage.swift in Sources */,
				96A8AECC1D8C95C6006BB53B /* JSONParser.swift in Sources */,
				96DC44131D805AB100B01B94 /* Route.swift in Sources */,
				96AB3CF31D80BE6C004B1BFF /* RoutesAPIManager.swift in Sources */,
				96AB3CE81D80B634004B1BFF /* Config.swift in Sources */,
				96AB3CEC1D80BD83004B1BFF /* RoutesListViewModel.swift in Sources */,
				96DC43E71D805A3D00B01B94 /* ExploreViewController.swift in Sources */,
				96CC5FD11D8B3EB30068D957 /* User.swift in Sources */,
				96810A5B1D90A46400F2EC86 /* BaseTableViewCell.swift in Sources */,
				96DC43E51D805A3D00B01B94 /* AppDelegate.swift in Sources */,
				96810A5D1D90A49C00F2EC86 /* RouteCell.swift in Sources */,
			);
			runOnlyForDeploymentPostprocessing = 0;
		};
		96DC43F11D805A3D00B01B94 /* Sources */ = {
			isa = PBXSourcesBuildPhase;
			buildActionMask = 2147483647;
			files = (
				96DC43FA1D805A3D00B01B94 /* VersionTwoTests.swift in Sources */,
			);
			runOnlyForDeploymentPostprocessing = 0;
		};
		96DC43FC1D805A3D00B01B94 /* Sources */ = {
			isa = PBXSourcesBuildPhase;
			buildActionMask = 2147483647;
			files = (
				96DC44051D805A3D00B01B94 /* VersionTwoUITests.swift in Sources */,
			);
			runOnlyForDeploymentPostprocessing = 0;
		};
/* End PBXSourcesBuildPhase section */

/* Begin PBXTargetDependency section */
		96DC43F71D805A3D00B01B94 /* PBXTargetDependency */ = {
			isa = PBXTargetDependency;
			target = 96DC43E01D805A3D00B01B94 /* VersionTwo */;
			targetProxy = 96DC43F61D805A3D00B01B94 /* PBXContainerItemProxy */;
		};
		96DC44021D805A3D00B01B94 /* PBXTargetDependency */ = {
			isa = PBXTargetDependency;
			target = 96DC43E01D805A3D00B01B94 /* VersionTwo */;
			targetProxy = 96DC44011D805A3D00B01B94 /* PBXContainerItemProxy */;
		};
/* End PBXTargetDependency section */

/* Begin PBXVariantGroup section */
		96DC43E81D805A3D00B01B94 /* Main.storyboard */ = {
			isa = PBXVariantGroup;
			children = (
				96DC43E91D805A3D00B01B94 /* Base */,
			);
			name = Main.storyboard;
			sourceTree = "<group>";
		};
		96DC43ED1D805A3D00B01B94 /* LaunchScreen.storyboard */ = {
			isa = PBXVariantGroup;
			children = (
				96DC43EE1D805A3D00B01B94 /* Base */,
			);
			name = LaunchScreen.storyboard;
			sourceTree = "<group>";
		};
/* End PBXVariantGroup section */

/* Begin XCBuildConfiguration section */
		96AB3CDB1D80B23C004B1BFF /* Production */ = {
			isa = XCBuildConfiguration;
			buildSettings = {
				ALWAYS_SEARCH_USER_PATHS = NO;
				CLANG_ANALYZER_NONNULL = YES;
				CLANG_CXX_LANGUAGE_STANDARD = "gnu++0x";
				CLANG_CXX_LIBRARY = "libc++";
				CLANG_ENABLE_MODULES = YES;
				CLANG_ENABLE_OBJC_ARC = YES;
				CLANG_WARN_BOOL_CONVERSION = YES;
				CLANG_WARN_CONSTANT_CONVERSION = YES;
				CLANG_WARN_DIRECT_OBJC_ISA_USAGE = YES_ERROR;
				CLANG_WARN_DOCUMENTATION_COMMENTS = YES;
				CLANG_WARN_EMPTY_BODY = YES;
				CLANG_WARN_ENUM_CONVERSION = YES;
				CLANG_WARN_INFINITE_RECURSION = YES;
				CLANG_WARN_INT_CONVERSION = YES;
				CLANG_WARN_OBJC_ROOT_CLASS = YES_ERROR;
				CLANG_WARN_SUSPICIOUS_MOVE = YES;
				CLANG_WARN_SUSPICIOUS_MOVES = YES;
				CLANG_WARN_UNREACHABLE_CODE = YES;
				CLANG_WARN__DUPLICATE_METHOD_MATCH = YES;
				"CODE_SIGN_IDENTITY[sdk=iphoneos*]" = "iPhone Developer";
				COPY_PHASE_STRIP = NO;
				DEBUG_INFORMATION_FORMAT = "dwarf-with-dsym";
				ENABLE_NS_ASSERTIONS = NO;
				ENABLE_STRICT_OBJC_MSGSEND = YES;
				GCC_C_LANGUAGE_STANDARD = gnu99;
				GCC_NO_COMMON_BLOCKS = YES;
				GCC_WARN_64_TO_32_BIT_CONVERSION = YES;
				GCC_WARN_ABOUT_RETURN_TYPE = YES_ERROR;
				GCC_WARN_UNDECLARED_SELECTOR = YES;
				GCC_WARN_UNINITIALIZED_AUTOS = YES_AGGRESSIVE;
				GCC_WARN_UNUSED_FUNCTION = YES;
				GCC_WARN_UNUSED_VARIABLE = YES;
				IPHONEOS_DEPLOYMENT_TARGET = 10.0;
				MTL_ENABLE_DEBUG_INFO = NO;
				SDKROOT = iphoneos;
				SWIFT_OPTIMIZATION_LEVEL = "-Owholemodule";
				TARGETED_DEVICE_FAMILY = "1,2";
				VALIDATE_PRODUCT = YES;
			};
			name = Production;
		};
		96AB3CDC1D80B23C004B1BFF /* Production */ = {
			isa = XCBuildConfiguration;
			baseConfigurationReference = C63F77CBD35AC9C479ED7A5B /* Pods-VersionTwo.production.xcconfig */;
			buildSettings = {
				ALWAYS_EMBED_SWIFT_STANDARD_LIBRARIES = YES;
				ASSETCATALOG_COMPILER_APPICON_NAME = AppIcon;
				DEVELOPMENT_TEAM = K8HU92W3ZM;
				INFOPLIST_FILE = VersionTwo/Info.plist;
				LD_RUNPATH_SEARCH_PATHS = "$(inherited) @executable_path/Frameworks";
				PRODUCT_BUNDLE_IDENTIFIER = com.Skedaddle.VersionTwo;
				PRODUCT_NAME = "$(TARGET_NAME)";
				SWIFT_VERSION = 3.0;
			};
			name = Production;
		};
		96AB3CDD1D80B23C004B1BFF /* Production */ = {
			isa = XCBuildConfiguration;
			baseConfigurationReference = A01D009321B69948E08765B1 /* Pods-VersionTwoTests.production.xcconfig */;
			buildSettings = {
				ALWAYS_EMBED_SWIFT_STANDARD_LIBRARIES = YES;
				BUNDLE_LOADER = "$(TEST_HOST)";
				DEVELOPMENT_TEAM = K8HU92W3ZM;
				INFOPLIST_FILE = VersionTwoTests/Info.plist;
				LD_RUNPATH_SEARCH_PATHS = "$(inherited) @executable_path/Frameworks @loader_path/Frameworks";
				PRODUCT_BUNDLE_IDENTIFIER = com.Skedaddle.VersionTwoTests;
				PRODUCT_NAME = "$(TARGET_NAME)";
				SWIFT_VERSION = 3.0;
				TEST_HOST = "$(BUILT_PRODUCTS_DIR)/VersionTwo.app/VersionTwo";
			};
			name = Production;
		};
		96AB3CDE1D80B23C004B1BFF /* Production */ = {
			isa = XCBuildConfiguration;
			baseConfigurationReference = 79BD9F3D66150E63FBED9E48 /* Pods-VersionTwoUITests.production.xcconfig */;
			buildSettings = {
				ALWAYS_EMBED_SWIFT_STANDARD_LIBRARIES = YES;
				DEVELOPMENT_TEAM = K8HU92W3ZM;
				INFOPLIST_FILE = VersionTwoUITests/Info.plist;
				LD_RUNPATH_SEARCH_PATHS = "$(inherited) @executable_path/Frameworks @loader_path/Frameworks";
				PRODUCT_BUNDLE_IDENTIFIER = com.Skedaddle.VersionTwoUITests;
				PRODUCT_NAME = "$(TARGET_NAME)";
				SWIFT_VERSION = 3.0;
				TEST_TARGET_NAME = VersionTwo;
			};
			name = Production;
		};
		96AB3CDF1D80B242004B1BFF /* Staging */ = {
			isa = XCBuildConfiguration;
			buildSettings = {
				ALWAYS_SEARCH_USER_PATHS = NO;
				CLANG_ANALYZER_NONNULL = YES;
				CLANG_CXX_LANGUAGE_STANDARD = "gnu++0x";
				CLANG_CXX_LIBRARY = "libc++";
				CLANG_ENABLE_MODULES = YES;
				CLANG_ENABLE_OBJC_ARC = YES;
				CLANG_WARN_BOOL_CONVERSION = YES;
				CLANG_WARN_CONSTANT_CONVERSION = YES;
				CLANG_WARN_DIRECT_OBJC_ISA_USAGE = YES_ERROR;
				CLANG_WARN_DOCUMENTATION_COMMENTS = YES;
				CLANG_WARN_EMPTY_BODY = YES;
				CLANG_WARN_ENUM_CONVERSION = YES;
				CLANG_WARN_INFINITE_RECURSION = YES;
				CLANG_WARN_INT_CONVERSION = YES;
				CLANG_WARN_OBJC_ROOT_CLASS = YES_ERROR;
				CLANG_WARN_SUSPICIOUS_MOVE = YES;
				CLANG_WARN_SUSPICIOUS_MOVES = YES;
				CLANG_WARN_UNREACHABLE_CODE = YES;
				CLANG_WARN__DUPLICATE_METHOD_MATCH = YES;
				"CODE_SIGN_IDENTITY[sdk=iphoneos*]" = "iPhone Developer";
				COPY_PHASE_STRIP = NO;
				DEBUG_INFORMATION_FORMAT = dwarf;
				ENABLE_STRICT_OBJC_MSGSEND = YES;
				ENABLE_TESTABILITY = YES;
				GCC_C_LANGUAGE_STANDARD = gnu99;
				GCC_DYNAMIC_NO_PIC = NO;
				GCC_NO_COMMON_BLOCKS = YES;
				GCC_OPTIMIZATION_LEVEL = 0;
				GCC_PREPROCESSOR_DEFINITIONS = (
					"DEBUG=1",
					"$(inherited)",
				);
				GCC_WARN_64_TO_32_BIT_CONVERSION = YES;
				GCC_WARN_ABOUT_RETURN_TYPE = YES_ERROR;
				GCC_WARN_UNDECLARED_SELECTOR = YES;
				GCC_WARN_UNINITIALIZED_AUTOS = YES_AGGRESSIVE;
				GCC_WARN_UNUSED_FUNCTION = YES;
				GCC_WARN_UNUSED_VARIABLE = YES;
				IPHONEOS_DEPLOYMENT_TARGET = 10.0;
				MTL_ENABLE_DEBUG_INFO = YES;
				ONLY_ACTIVE_ARCH = YES;
				SDKROOT = iphoneos;
				SWIFT_ACTIVE_COMPILATION_CONDITIONS = DEBUG;
				SWIFT_OPTIMIZATION_LEVEL = "-Onone";
				TARGETED_DEVICE_FAMILY = "1,2";
			};
			name = Staging;
		};
		96AB3CE01D80B242004B1BFF /* Staging */ = {
			isa = XCBuildConfiguration;
			baseConfigurationReference = DD2433E133D13CBF00FC385A /* Pods-VersionTwo.staging.xcconfig */;
			buildSettings = {
				ALWAYS_EMBED_SWIFT_STANDARD_LIBRARIES = YES;
				ASSETCATALOG_COMPILER_APPICON_NAME = AppIcon;
				DEVELOPMENT_TEAM = K8HU92W3ZM;
				INFOPLIST_FILE = VersionTwo/Info.plist;
				LD_RUNPATH_SEARCH_PATHS = "$(inherited) @executable_path/Frameworks";
				PRODUCT_BUNDLE_IDENTIFIER = com.Skedaddle.VersionTwo;
				PRODUCT_NAME = "$(TARGET_NAME)";
				SWIFT_VERSION = 3.0;
			};
			name = Staging;
		};
		96AB3CE11D80B242004B1BFF /* Staging */ = {
			isa = XCBuildConfiguration;
			baseConfigurationReference = 344EC84345D255907E6259AB /* Pods-VersionTwoTests.staging.xcconfig */;
			buildSettings = {
				ALWAYS_EMBED_SWIFT_STANDARD_LIBRARIES = YES;
				BUNDLE_LOADER = "$(TEST_HOST)";
				DEVELOPMENT_TEAM = K8HU92W3ZM;
				INFOPLIST_FILE = VersionTwoTests/Info.plist;
				LD_RUNPATH_SEARCH_PATHS = "$(inherited) @executable_path/Frameworks @loader_path/Frameworks";
				PRODUCT_BUNDLE_IDENTIFIER = com.Skedaddle.VersionTwoTests;
				PRODUCT_NAME = "$(TARGET_NAME)";
				SWIFT_VERSION = 3.0;
				TEST_HOST = "$(BUILT_PRODUCTS_DIR)/VersionTwo.app/VersionTwo";
			};
			name = Staging;
		};
		96AB3CE21D80B242004B1BFF /* Staging */ = {
			isa = XCBuildConfiguration;
			baseConfigurationReference = 2FE65A3275310E813D9A0EF9 /* Pods-VersionTwoUITests.staging.xcconfig */;
			buildSettings = {
				ALWAYS_EMBED_SWIFT_STANDARD_LIBRARIES = YES;
				DEVELOPMENT_TEAM = K8HU92W3ZM;
				INFOPLIST_FILE = VersionTwoUITests/Info.plist;
				LD_RUNPATH_SEARCH_PATHS = "$(inherited) @executable_path/Frameworks @loader_path/Frameworks";
				PRODUCT_BUNDLE_IDENTIFIER = com.Skedaddle.VersionTwoUITests;
				PRODUCT_NAME = "$(TARGET_NAME)";
				SWIFT_VERSION = 3.0;
				TEST_TARGET_NAME = VersionTwo;
			};
			name = Staging;
		};
		96AB3CE31D80B247004B1BFF /* Development */ = {
			isa = XCBuildConfiguration;
			buildSettings = {
				ALWAYS_SEARCH_USER_PATHS = NO;
				CLANG_ANALYZER_NONNULL = YES;
				CLANG_CXX_LANGUAGE_STANDARD = "gnu++0x";
				CLANG_CXX_LIBRARY = "libc++";
				CLANG_ENABLE_MODULES = YES;
				CLANG_ENABLE_OBJC_ARC = YES;
				CLANG_WARN_BOOL_CONVERSION = YES;
				CLANG_WARN_CONSTANT_CONVERSION = YES;
				CLANG_WARN_DIRECT_OBJC_ISA_USAGE = YES_ERROR;
				CLANG_WARN_DOCUMENTATION_COMMENTS = YES;
				CLANG_WARN_EMPTY_BODY = YES;
				CLANG_WARN_ENUM_CONVERSION = YES;
				CLANG_WARN_INFINITE_RECURSION = YES;
				CLANG_WARN_INT_CONVERSION = YES;
				CLANG_WARN_OBJC_ROOT_CLASS = YES_ERROR;
				CLANG_WARN_SUSPICIOUS_MOVE = YES;
				CLANG_WARN_SUSPICIOUS_MOVES = YES;
				CLANG_WARN_UNREACHABLE_CODE = YES;
				CLANG_WARN__DUPLICATE_METHOD_MATCH = YES;
				"CODE_SIGN_IDENTITY[sdk=iphoneos*]" = "iPhone Developer";
				COPY_PHASE_STRIP = NO;
				DEBUG_INFORMATION_FORMAT = dwarf;
				ENABLE_STRICT_OBJC_MSGSEND = YES;
				ENABLE_TESTABILITY = YES;
				GCC_C_LANGUAGE_STANDARD = gnu99;
				GCC_DYNAMIC_NO_PIC = NO;
				GCC_NO_COMMON_BLOCKS = YES;
				GCC_OPTIMIZATION_LEVEL = 0;
				GCC_PREPROCESSOR_DEFINITIONS = (
					"DEBUG=1",
					"$(inherited)",
				);
				GCC_WARN_64_TO_32_BIT_CONVERSION = YES;
				GCC_WARN_ABOUT_RETURN_TYPE = YES_ERROR;
				GCC_WARN_UNDECLARED_SELECTOR = YES;
				GCC_WARN_UNINITIALIZED_AUTOS = YES_AGGRESSIVE;
				GCC_WARN_UNUSED_FUNCTION = YES;
				GCC_WARN_UNUSED_VARIABLE = YES;
				IPHONEOS_DEPLOYMENT_TARGET = 10.0;
				MTL_ENABLE_DEBUG_INFO = YES;
				ONLY_ACTIVE_ARCH = YES;
				SDKROOT = iphoneos;
				SWIFT_ACTIVE_COMPILATION_CONDITIONS = DEBUG;
				SWIFT_OPTIMIZATION_LEVEL = "-Onone";
				TARGETED_DEVICE_FAMILY = "1,2";
			};
			name = Development;
		};
		96AB3CE41D80B247004B1BFF /* Development */ = {
			isa = XCBuildConfiguration;
			baseConfigurationReference = AAE41D88016F1113935C7B48 /* Pods-VersionTwo.development.xcconfig */;
			buildSettings = {
				ALWAYS_EMBED_SWIFT_STANDARD_LIBRARIES = YES;
				ASSETCATALOG_COMPILER_APPICON_NAME = AppIcon;
				DEVELOPMENT_TEAM = K8HU92W3ZM;
				INFOPLIST_FILE = VersionTwo/Info.plist;
				LD_RUNPATH_SEARCH_PATHS = "$(inherited) @executable_path/Frameworks";
				PRODUCT_BUNDLE_IDENTIFIER = com.Skedaddle.VersionTwo;
				PRODUCT_NAME = "$(TARGET_NAME)";
				SWIFT_VERSION = 3.0;
			};
			name = Development;
		};
		96AB3CE51D80B247004B1BFF /* Development */ = {
			isa = XCBuildConfiguration;
			baseConfigurationReference = 83D4E2F7C46748642FAB24DF /* Pods-VersionTwoTests.development.xcconfig */;
			buildSettings = {
				ALWAYS_EMBED_SWIFT_STANDARD_LIBRARIES = YES;
				BUNDLE_LOADER = "$(TEST_HOST)";
				DEVELOPMENT_TEAM = K8HU92W3ZM;
				INFOPLIST_FILE = VersionTwoTests/Info.plist;
				LD_RUNPATH_SEARCH_PATHS = "$(inherited) @executable_path/Frameworks @loader_path/Frameworks";
				PRODUCT_BUNDLE_IDENTIFIER = com.Skedaddle.VersionTwoTests;
				PRODUCT_NAME = "$(TARGET_NAME)";
				SWIFT_VERSION = 3.0;
				TEST_HOST = "$(BUILT_PRODUCTS_DIR)/VersionTwo.app/VersionTwo";
			};
			name = Development;
		};
		96AB3CE61D80B247004B1BFF /* Development */ = {
			isa = XCBuildConfiguration;
			baseConfigurationReference = A0560C623C9048F786FDA111 /* Pods-VersionTwoUITests.development.xcconfig */;
			buildSettings = {
				ALWAYS_EMBED_SWIFT_STANDARD_LIBRARIES = YES;
				DEVELOPMENT_TEAM = K8HU92W3ZM;
				INFOPLIST_FILE = VersionTwoUITests/Info.plist;
				LD_RUNPATH_SEARCH_PATHS = "$(inherited) @executable_path/Frameworks @loader_path/Frameworks";
				PRODUCT_BUNDLE_IDENTIFIER = com.Skedaddle.VersionTwoUITests;
				PRODUCT_NAME = "$(TARGET_NAME)";
				SWIFT_VERSION = 3.0;
				TEST_TARGET_NAME = VersionTwo;
			};
			name = Development;
		};
		96DC44071D805A3D00B01B94 /* Debug */ = {
			isa = XCBuildConfiguration;
			buildSettings = {
				ALWAYS_SEARCH_USER_PATHS = NO;
				CLANG_ANALYZER_NONNULL = YES;
				CLANG_CXX_LANGUAGE_STANDARD = "gnu++0x";
				CLANG_CXX_LIBRARY = "libc++";
				CLANG_ENABLE_MODULES = YES;
				CLANG_ENABLE_OBJC_ARC = YES;
				CLANG_WARN_BOOL_CONVERSION = YES;
				CLANG_WARN_CONSTANT_CONVERSION = YES;
				CLANG_WARN_DIRECT_OBJC_ISA_USAGE = YES_ERROR;
				CLANG_WARN_DOCUMENTATION_COMMENTS = YES;
				CLANG_WARN_EMPTY_BODY = YES;
				CLANG_WARN_ENUM_CONVERSION = YES;
				CLANG_WARN_INFINITE_RECURSION = YES;
				CLANG_WARN_INT_CONVERSION = YES;
				CLANG_WARN_OBJC_ROOT_CLASS = YES_ERROR;
				CLANG_WARN_SUSPICIOUS_MOVE = YES;
				CLANG_WARN_SUSPICIOUS_MOVES = YES;
				CLANG_WARN_UNREACHABLE_CODE = YES;
				CLANG_WARN__DUPLICATE_METHOD_MATCH = YES;
				"CODE_SIGN_IDENTITY[sdk=iphoneos*]" = "iPhone Developer";
				COPY_PHASE_STRIP = NO;
				DEBUG_INFORMATION_FORMAT = dwarf;
				ENABLE_STRICT_OBJC_MSGSEND = YES;
				ENABLE_TESTABILITY = YES;
				GCC_C_LANGUAGE_STANDARD = gnu99;
				GCC_DYNAMIC_NO_PIC = NO;
				GCC_NO_COMMON_BLOCKS = YES;
				GCC_OPTIMIZATION_LEVEL = 0;
				GCC_PREPROCESSOR_DEFINITIONS = (
					"DEBUG=1",
					"$(inherited)",
				);
				GCC_WARN_64_TO_32_BIT_CONVERSION = YES;
				GCC_WARN_ABOUT_RETURN_TYPE = YES_ERROR;
				GCC_WARN_UNDECLARED_SELECTOR = YES;
				GCC_WARN_UNINITIALIZED_AUTOS = YES_AGGRESSIVE;
				GCC_WARN_UNUSED_FUNCTION = YES;
				GCC_WARN_UNUSED_VARIABLE = YES;
				IPHONEOS_DEPLOYMENT_TARGET = 10.0;
				MTL_ENABLE_DEBUG_INFO = YES;
				ONLY_ACTIVE_ARCH = YES;
				SDKROOT = iphoneos;
				SWIFT_ACTIVE_COMPILATION_CONDITIONS = DEBUG;
				SWIFT_OPTIMIZATION_LEVEL = "-Onone";
				TARGETED_DEVICE_FAMILY = "1,2";
			};
			name = Debug;
		};
		96DC44081D805A3D00B01B94 /* Release */ = {
			isa = XCBuildConfiguration;
			buildSettings = {
				ALWAYS_SEARCH_USER_PATHS = NO;
				CLANG_ANALYZER_NONNULL = YES;
				CLANG_CXX_LANGUAGE_STANDARD = "gnu++0x";
				CLANG_CXX_LIBRARY = "libc++";
				CLANG_ENABLE_MODULES = YES;
				CLANG_ENABLE_OBJC_ARC = YES;
				CLANG_WARN_BOOL_CONVERSION = YES;
				CLANG_WARN_CONSTANT_CONVERSION = YES;
				CLANG_WARN_DIRECT_OBJC_ISA_USAGE = YES_ERROR;
				CLANG_WARN_DOCUMENTATION_COMMENTS = YES;
				CLANG_WARN_EMPTY_BODY = YES;
				CLANG_WARN_ENUM_CONVERSION = YES;
				CLANG_WARN_INFINITE_RECURSION = YES;
				CLANG_WARN_INT_CONVERSION = YES;
				CLANG_WARN_OBJC_ROOT_CLASS = YES_ERROR;
				CLANG_WARN_SUSPICIOUS_MOVE = YES;
				CLANG_WARN_SUSPICIOUS_MOVES = YES;
				CLANG_WARN_UNREACHABLE_CODE = YES;
				CLANG_WARN__DUPLICATE_METHOD_MATCH = YES;
				"CODE_SIGN_IDENTITY[sdk=iphoneos*]" = "iPhone Developer";
				COPY_PHASE_STRIP = NO;
				DEBUG_INFORMATION_FORMAT = "dwarf-with-dsym";
				ENABLE_NS_ASSERTIONS = NO;
				ENABLE_STRICT_OBJC_MSGSEND = YES;
				GCC_C_LANGUAGE_STANDARD = gnu99;
				GCC_NO_COMMON_BLOCKS = YES;
				GCC_WARN_64_TO_32_BIT_CONVERSION = YES;
				GCC_WARN_ABOUT_RETURN_TYPE = YES_ERROR;
				GCC_WARN_UNDECLARED_SELECTOR = YES;
				GCC_WARN_UNINITIALIZED_AUTOS = YES_AGGRESSIVE;
				GCC_WARN_UNUSED_FUNCTION = YES;
				GCC_WARN_UNUSED_VARIABLE = YES;
				IPHONEOS_DEPLOYMENT_TARGET = 10.0;
				MTL_ENABLE_DEBUG_INFO = NO;
				SDKROOT = iphoneos;
				SWIFT_OPTIMIZATION_LEVEL = "-Owholemodule";
				TARGETED_DEVICE_FAMILY = "1,2";
				VALIDATE_PRODUCT = YES;
			};
			name = Release;
		};
		96DC440A1D805A3D00B01B94 /* Debug */ = {
			isa = XCBuildConfiguration;
			baseConfigurationReference = CC7726E5B9492F0424FE1B8E /* Pods-VersionTwo.debug.xcconfig */;
			buildSettings = {
				ALWAYS_EMBED_SWIFT_STANDARD_LIBRARIES = YES;
				ASSETCATALOG_COMPILER_APPICON_NAME = AppIcon;
				DEVELOPMENT_TEAM = K8HU92W3ZM;
				INFOPLIST_FILE = VersionTwo/Info.plist;
				LD_RUNPATH_SEARCH_PATHS = "$(inherited) @executable_path/Frameworks";
				PRODUCT_BUNDLE_IDENTIFIER = com.Skedaddle.VersionTwo;
				PRODUCT_NAME = "$(TARGET_NAME)";
				SWIFT_VERSION = 3.0;
			};
			name = Debug;
		};
		96DC440B1D805A3D00B01B94 /* Release */ = {
			isa = XCBuildConfiguration;
			baseConfigurationReference = 60EA111D638A4249ABB328B8 /* Pods-VersionTwo.release.xcconfig */;
			buildSettings = {
				ALWAYS_EMBED_SWIFT_STANDARD_LIBRARIES = YES;
				ASSETCATALOG_COMPILER_APPICON_NAME = AppIcon;
				DEVELOPMENT_TEAM = K8HU92W3ZM;
				INFOPLIST_FILE = VersionTwo/Info.plist;
				LD_RUNPATH_SEARCH_PATHS = "$(inherited) @executable_path/Frameworks";
				PRODUCT_BUNDLE_IDENTIFIER = com.Skedaddle.VersionTwo;
				PRODUCT_NAME = "$(TARGET_NAME)";
				SWIFT_VERSION = 3.0;
			};
			name = Release;
		};
		96DC440D1D805A3D00B01B94 /* Debug */ = {
			isa = XCBuildConfiguration;
			baseConfigurationReference = 8C4DA4A54A5317AA1FDE4B15 /* Pods-VersionTwoTests.debug.xcconfig */;
			buildSettings = {
				ALWAYS_EMBED_SWIFT_STANDARD_LIBRARIES = YES;
				BUNDLE_LOADER = "$(TEST_HOST)";
				DEVELOPMENT_TEAM = K8HU92W3ZM;
				INFOPLIST_FILE = VersionTwoTests/Info.plist;
				LD_RUNPATH_SEARCH_PATHS = "$(inherited) @executable_path/Frameworks @loader_path/Frameworks";
				PRODUCT_BUNDLE_IDENTIFIER = com.Skedaddle.VersionTwoTests;
				PRODUCT_NAME = "$(TARGET_NAME)";
				SWIFT_VERSION = 3.0;
				TEST_HOST = "$(BUILT_PRODUCTS_DIR)/VersionTwo.app/VersionTwo";
			};
			name = Debug;
		};
		96DC440E1D805A3D00B01B94 /* Release */ = {
			isa = XCBuildConfiguration;
			baseConfigurationReference = 9D6D04158DD37B037CA8AAFD /* Pods-VersionTwoTests.release.xcconfig */;
			buildSettings = {
				ALWAYS_EMBED_SWIFT_STANDARD_LIBRARIES = YES;
				BUNDLE_LOADER = "$(TEST_HOST)";
				DEVELOPMENT_TEAM = K8HU92W3ZM;
				INFOPLIST_FILE = VersionTwoTests/Info.plist;
				LD_RUNPATH_SEARCH_PATHS = "$(inherited) @executable_path/Frameworks @loader_path/Frameworks";
				PRODUCT_BUNDLE_IDENTIFIER = com.Skedaddle.VersionTwoTests;
				PRODUCT_NAME = "$(TARGET_NAME)";
				SWIFT_VERSION = 3.0;
				TEST_HOST = "$(BUILT_PRODUCTS_DIR)/VersionTwo.app/VersionTwo";
			};
			name = Release;
		};
		96DC44101D805A3D00B01B94 /* Debug */ = {
			isa = XCBuildConfiguration;
			baseConfigurationReference = 248E6B7086E87795DC74B10F /* Pods-VersionTwoUITests.debug.xcconfig */;
			buildSettings = {
				ALWAYS_EMBED_SWIFT_STANDARD_LIBRARIES = YES;
				DEVELOPMENT_TEAM = K8HU92W3ZM;
				INFOPLIST_FILE = VersionTwoUITests/Info.plist;
				LD_RUNPATH_SEARCH_PATHS = "$(inherited) @executable_path/Frameworks @loader_path/Frameworks";
				PRODUCT_BUNDLE_IDENTIFIER = com.Skedaddle.VersionTwoUITests;
				PRODUCT_NAME = "$(TARGET_NAME)";
				SWIFT_VERSION = 3.0;
				TEST_TARGET_NAME = VersionTwo;
			};
			name = Debug;
		};
		96DC44111D805A3D00B01B94 /* Release */ = {
			isa = XCBuildConfiguration;
			baseConfigurationReference = 00757CBF9719BCB038BDBA83 /* Pods-VersionTwoUITests.release.xcconfig */;
			buildSettings = {
				ALWAYS_EMBED_SWIFT_STANDARD_LIBRARIES = YES;
				DEVELOPMENT_TEAM = K8HU92W3ZM;
				INFOPLIST_FILE = VersionTwoUITests/Info.plist;
				LD_RUNPATH_SEARCH_PATHS = "$(inherited) @executable_path/Frameworks @loader_path/Frameworks";
				PRODUCT_BUNDLE_IDENTIFIER = com.Skedaddle.VersionTwoUITests;
				PRODUCT_NAME = "$(TARGET_NAME)";
				SWIFT_VERSION = 3.0;
				TEST_TARGET_NAME = VersionTwo;
			};
			name = Release;
		};
/* End XCBuildConfiguration section */

/* Begin XCConfigurationList section */
		96DC43DC1D805A3D00B01B94 /* Build configuration list for PBXProject "VersionTwo" */ = {
			isa = XCConfigurationList;
			buildConfigurations = (
				96DC44071D805A3D00B01B94 /* Debug */,
				96AB3CE31D80B247004B1BFF /* Development */,
				96AB3CDF1D80B242004B1BFF /* Staging */,
				96DC44081D805A3D00B01B94 /* Release */,
				96AB3CDB1D80B23C004B1BFF /* Production */,
			);
			defaultConfigurationIsVisible = 0;
			defaultConfigurationName = Release;
		};
		96DC44091D805A3D00B01B94 /* Build configuration list for PBXNativeTarget "VersionTwo" */ = {
			isa = XCConfigurationList;
			buildConfigurations = (
				96DC440A1D805A3D00B01B94 /* Debug */,
				96AB3CE41D80B247004B1BFF /* Development */,
				96AB3CE01D80B242004B1BFF /* Staging */,
				96DC440B1D805A3D00B01B94 /* Release */,
				96AB3CDC1D80B23C004B1BFF /* Production */,
			);
			defaultConfigurationIsVisible = 0;
			defaultConfigurationName = Release;
		};
		96DC440C1D805A3D00B01B94 /* Build configuration list for PBXNativeTarget "VersionTwoTests" */ = {
			isa = XCConfigurationList;
			buildConfigurations = (
				96DC440D1D805A3D00B01B94 /* Debug */,
				96AB3CE51D80B247004B1BFF /* Development */,
				96AB3CE11D80B242004B1BFF /* Staging */,
				96DC440E1D805A3D00B01B94 /* Release */,
				96AB3CDD1D80B23C004B1BFF /* Production */,
			);
			defaultConfigurationIsVisible = 0;
			defaultConfigurationName = Release;
		};
		96DC440F1D805A3D00B01B94 /* Build configuration list for PBXNativeTarget "VersionTwoUITests" */ = {
			isa = XCConfigurationList;
			buildConfigurations = (
				96DC44101D805A3D00B01B94 /* Debug */,
				96AB3CE61D80B247004B1BFF /* Development */,
				96AB3CE21D80B242004B1BFF /* Staging */,
				96DC44111D805A3D00B01B94 /* Release */,
				96AB3CDE1D80B23C004B1BFF /* Production */,
			);
			defaultConfigurationIsVisible = 0;
			defaultConfigurationName = Release;
		};
/* End XCConfigurationList section */
	};
	rootObject = 96DC43D91D805A3D00B01B94 /* Project object */;
}
