// !$*UTF8*$!
{
	archiveVersion = 1;
	classes = {
	};
	objectVersion = 46;
	objects = {

/* Begin PBXBuildFile section */
		96DC43E51D805A3D00B01B94 /* AppDelegate.swift in Sources */ = {isa = PBXBuildFile; fileRef = 96DC43E41D805A3D00B01B94 /* AppDelegate.swift */; };
		96DC43E71D805A3D00B01B94 /* ViewController.swift in Sources */ = {isa = PBXBuildFile; fileRef = 96DC43E61D805A3D00B01B94 /* ViewController.swift */; };
		96DC43EA1D805A3D00B01B94 /* Main.storyboard in Resources */ = {isa = PBXBuildFile; fileRef = 96DC43E81D805A3D00B01B94 /* Main.storyboard */; };
		96DC43EC1D805A3D00B01B94 /* Assets.xcassets in Resources */ = {isa = PBXBuildFile; fileRef = 96DC43EB1D805A3D00B01B94 /* Assets.xcassets */; };
		96DC43EF1D805A3D00B01B94 /* LaunchScreen.storyboard in Resources */ = {isa = PBXBuildFile; fileRef = 96DC43ED1D805A3D00B01B94 /* LaunchScreen.storyboard */; };
		96DC43FA1D805A3D00B01B94 /* VersionTwoTests.swift in Sources */ = {isa = PBXBuildFile; fileRef = 96DC43F91D805A3D00B01B94 /* VersionTwoTests.swift */; };
		96DC44051D805A3D00B01B94 /* VersionTwoUITests.swift in Sources */ = {isa = PBXBuildFile; fileRef = 96DC44041D805A3D00B01B94 /* VersionTwoUITests.swift */; };
/* End PBXBuildFile section */

/* Begin PBXContainerItemProxy section */
		96DC43F61D805A3D00B01B94 /* PBXContainerItemProxy */ = {
			isa = PBXContainerItemProxy;
			containerPortal = 96DC43D91D805A3D00B01B94 /* Project object */;
			proxyType = 1;
			remoteGlobalIDString = 96DC43E01D805A3D00B01B94;
			remoteInfo = VersionTwo;
		};
		96DC44011D805A3D00B01B94 /* PBXContainerItemProxy */ = {
			isa = PBXContainerItemProxy;
			containerPortal = 96DC43D91D805A3D00B01B94 /* Project object */;
			proxyType = 1;
			remoteGlobalIDString = 96DC43E01D805A3D00B01B94;
			remoteInfo = VersionTwo;
		};
/* End PBXContainerItemProxy section */

/* Begin PBXFileReference section */
		96DC43E11D805A3D00B01B94 /* VersionTwo.app */ = {isa = PBXFileReference; explicitFileType = wrapper.application; includeInIndex = 0; path = VersionTwo.app; sourceTree = BUILT_PRODUCTS_DIR; };
		96DC43E41D805A3D00B01B94 /* AppDelegate.swift */ = {isa = PBXFileReference; lastKnownFileType = sourcecode.swift; path = AppDelegate.swift; sourceTree = "<group>"; };
		96DC43E61D805A3D00B01B94 /* ViewController.swift */ = {isa = PBXFileReference; lastKnownFileType = sourcecode.swift; path = ViewController.swift; sourceTree = "<group>"; };
		96DC43E91D805A3D00B01B94 /* Base */ = {isa = PBXFileReference; lastKnownFileType = file.storyboard; name = Base; path = Base.lproj/Main.storyboard; sourceTree = "<group>"; };
		96DC43EB1D805A3D00B01B94 /* Assets.xcassets */ = {isa = PBXFileReference; lastKnownFileType = folder.assetcatalog; path = Assets.xcassets; sourceTree = "<group>"; };
		96DC43EE1D805A3D00B01B94 /* Base */ = {isa = PBXFileReference; lastKnownFileType = file.storyboard; name = Base; path = Base.lproj/LaunchScreen.storyboard; sourceTree = "<group>"; };
		96DC43F01D805A3D00B01B94 /* Info.plist */ = {isa = PBXFileReference; lastKnownFileType = text.plist.xml; path = Info.plist; sourceTree = "<group>"; };
		96DC43F51D805A3D00B01B94 /* VersionTwoTests.xctest */ = {isa = PBXFileReference; explicitFileType = wrapper.cfbundle; includeInIndex = 0; path = VersionTwoTests.xctest; sourceTree = BUILT_PRODUCTS_DIR; };
		96DC43F91D805A3D00B01B94 /* VersionTwoTests.swift */ = {isa = PBXFileReference; lastKnownFileType = sourcecode.swift; path = VersionTwoTests.swift; sourceTree = "<group>"; };
		96DC43FB1D805A3D00B01B94 /* Info.plist */ = {isa = PBXFileReference; lastKnownFileType = text.plist.xml; path = Info.plist; sourceTree = "<group>"; };
		96DC44001D805A3D00B01B94 /* VersionTwoUITests.xctest */ = {isa = PBXFileReference; explicitFileType = wrapper.cfbundle; includeInIndex = 0; path = VersionTwoUITests.xctest; sourceTree = BUILT_PRODUCTS_DIR; };
		96DC44041D805A3D00B01B94 /* VersionTwoUITests.swift */ = {isa = PBXFileReference; lastKnownFileType = sourcecode.swift; path = VersionTwoUITests.swift; sourceTree = "<group>"; };
		96DC44061D805A3D00B01B94 /* Info.plist */ = {isa = PBXFileReference; lastKnownFileType = text.plist.xml; path = Info.plist; sourceTree = "<group>"; };
/* End PBXFileReference section */

/* Begin PBXFrameworksBuildPhase section */
		96DC43DE1D805A3D00B01B94 /* Frameworks */ = {
			isa = PBXFrameworksBuildPhase;
			buildActionMask = 2147483647;
			files = (
			);
			runOnlyForDeploymentPostprocessing = 0;
		};
		96DC43F21D805A3D00B01B94 /* Frameworks */ = {
			isa = PBXFrameworksBuildPhase;
			buildActionMask = 2147483647;
			files = (
			);
			runOnlyForDeploymentPostprocessing = 0;
		};
		96DC43FD1D805A3D00B01B94 /* Frameworks */ = {
			isa = PBXFrameworksBuildPhase;
			buildActionMask = 2147483647;
			files = (
			);
			runOnlyForDeploymentPostprocessing = 0;
		};
/* End PBXFrameworksBuildPhase section */

/* Begin PBXGroup section */
		96DC43D81D805A3D00B01B94 = {
			isa = PBXGroup;
			children = (
				96DC43E31D805A3D00B01B94 /* VersionTwo */,
				96DC43F81D805A3D00B01B94 /* VersionTwoTests */,
				96DC44031D805A3D00B01B94 /* VersionTwoUITests */,
				96DC43E21D805A3D00B01B94 /* Products */,
			);
			sourceTree = "<group>";
		};
		96DC43E21D805A3D00B01B94 /* Products */ = {
			isa = PBXGroup;
			children = (
				96DC43E11D805A3D00B01B94 /* VersionTwo.app */,
				96DC43F51D805A3D00B01B94 /* VersionTwoTests.xctest */,
				96DC44001D805A3D00B01B94 /* VersionTwoUITests.xctest */,
			);
			name = Products;
			sourceTree = "<group>";
		};
		96DC43E31D805A3D00B01B94 /* VersionTwo */ = {
			isa = PBXGroup;
			children = (
				96DC43E41D805A3D00B01B94 /* AppDelegate.swift */,
				96DC43E61D805A3D00B01B94 /* ViewController.swift */,
				96DC43E81D805A3D00B01B94 /* Main.storyboard */,
				96DC43EB1D805A3D00B01B94 /* Assets.xcassets */,
				96DC43ED1D805A3D00B01B94 /* LaunchScreen.storyboard */,
				96DC43F01D805A3D00B01B94 /* Info.plist */,
			);
			path = VersionTwo;
			sourceTree = "<group>";
		};
		96DC43F81D805A3D00B01B94 /* VersionTwoTests */ = {
			isa = PBXGroup;
			children = (
				96DC43F91D805A3D00B01B94 /* VersionTwoTests.swift */,
				96DC43FB1D805A3D00B01B94 /* Info.plist */,
			);
			path = VersionTwoTests;
			sourceTree = "<group>";
		};
		96DC44031D805A3D00B01B94 /* VersionTwoUITests */ = {
			isa = PBXGroup;
			children = (
				96DC44041D805A3D00B01B94 /* VersionTwoUITests.swift */,
				96DC44061D805A3D00B01B94 /* Info.plist */,
			);
			path = VersionTwoUITests;
			sourceTree = "<group>";
		};
/* End PBXGroup section */

/* Begin PBXNativeTarget section */
		96DC43E01D805A3D00B01B94 /* VersionTwo */ = {
			isa = PBXNativeTarget;
			buildConfigurationList = 96DC44091D805A3D00B01B94 /* Build configuration list for PBXNativeTarget "VersionTwo" */;
			buildPhases = (
				96DC43DD1D805A3D00B01B94 /* Sources */,
				96DC43DE1D805A3D00B01B94 /* Frameworks */,
				96DC43DF1D805A3D00B01B94 /* Resources */,
			);
			buildRules = (
			);
			dependencies = (
			);
			name = VersionTwo;
			productName = VersionTwo;
			productReference = 96DC43E11D805A3D00B01B94 /* VersionTwo.app */;
			productType = "com.apple.product-type.application";
		};
		96DC43F41D805A3D00B01B94 /* VersionTwoTests */ = {
			isa = PBXNativeTarget;
			buildConfigurationList = 96DC440C1D805A3D00B01B94 /* Build configuration list for PBXNativeTarget "VersionTwoTests" */;
			buildPhases = (
				96DC43F11D805A3D00B01B94 /* Sources */,
				96DC43F21D805A3D00B01B94 /* Frameworks */,
				96DC43F31D805A3D00B01B94 /* Resources */,
			);
			buildRules = (
			);
			dependencies = (
				96DC43F71D805A3D00B01B94 /* PBXTargetDependency */,
			);
			name = VersionTwoTests;
			productName = VersionTwoTests;
			productReference = 96DC43F51D805A3D00B01B94 /* VersionTwoTests.xctest */;
			productType = "com.apple.product-type.bundle.unit-test";
		};
		96DC43FF1D805A3D00B01B94 /* VersionTwoUITests */ = {
			isa = PBXNativeTarget;
			buildConfigurationList = 96DC440F1D805A3D00B01B94 /* Build configuration list for PBXNativeTarget "VersionTwoUITests" */;
			buildPhases = (
				96DC43FC1D805A3D00B01B94 /* Sources */,
				96DC43FD1D805A3D00B01B94 /* Frameworks */,
				96DC43FE1D805A3D00B01B94 /* Resources */,
			);
			buildRules = (
			);
			dependencies = (
				96DC44021D805A3D00B01B94 /* PBXTargetDependency */,
			);
			name = VersionTwoUITests;
			productName = VersionTwoUITests;
			productReference = 96DC44001D805A3D00B01B94 /* VersionTwoUITests.xctest */;
			productType = "com.apple.product-type.bundle.ui-testing";
		};
/* End PBXNativeTarget section */

/* Begin PBXProject section */
		96DC43D91D805A3D00B01B94 /* Project object */ = {
			isa = PBXProject;
			attributes = {
				LastSwiftUpdateCheck = 0800;
				LastUpgradeCheck = 0800;
				ORGANIZATIONNAME = Skedaddle;
				TargetAttributes = {
					96DC43E01D805A3D00B01B94 = {
						CreatedOnToolsVersion = 8.0;
						DevelopmentTeam = K8HU92W3ZM;
						ProvisioningStyle = Automatic;
					};
					96DC43F41D805A3D00B01B94 = {
						CreatedOnToolsVersion = 8.0;
						DevelopmentTeam = K8HU92W3ZM;
						ProvisioningStyle = Automatic;
						TestTargetID = 96DC43E01D805A3D00B01B94;
					};
					96DC43FF1D805A3D00B01B94 = {
						CreatedOnToolsVersion = 8.0;
						DevelopmentTeam = K8HU92W3ZM;
						ProvisioningStyle = Automatic;
						TestTargetID = 96DC43E01D805A3D00B01B94;
					};
				};
			};
			buildConfigurationList = 96DC43DC1D805A3D00B01B94 /* Build configuration list for PBXProject "VersionTwo" */;
			compatibilityVersion = "Xcode 3.2";
			developmentRegion = English;
			hasScannedForEncodings = 0;
			knownRegions = (
				en,
				Base,
			);
			mainGroup = 96DC43D81D805A3D00B01B94;
			productRefGroup = 96DC43E21D805A3D00B01B94 /* Products */;
			projectDirPath = "";
			projectRoot = "";
			targets = (
				96DC43E01D805A3D00B01B94 /* VersionTwo */,
				96DC43F41D805A3D00B01B94 /* VersionTwoTests */,
				96DC43FF1D805A3D00B01B94 /* VersionTwoUITests */,
			);
		};
/* End PBXProject section */

/* Begin PBXResourcesBuildPhase section */
		96DC43DF1D805A3D00B01B94 /* Resources */ = {
			isa = PBXResourcesBuildPhase;
			buildActionMask = 2147483647;
			files = (
				96DC43EF1D805A3D00B01B94 /* LaunchScreen.storyboard in Resources */,
				96DC43EC1D805A3D00B01B94 /* Assets.xcassets in Resources */,
				96DC43EA1D805A3D00B01B94 /* Main.storyboard in Resources */,
			);
			runOnlyForDeploymentPostprocessing = 0;
		};
		96DC43F31D805A3D00B01B94 /* Resources */ = {
			isa = PBXResourcesBuildPhase;
			buildActionMask = 2147483647;
			files = (
			);
			runOnlyForDeploymentPostprocessing = 0;
		};
		96DC43FE1D805A3D00B01B94 /* Resources */ = {
			isa = PBXResourcesBuildPhase;
			buildActionMask = 2147483647;
			files = (
			);
			runOnlyForDeploymentPostprocessing = 0;
		};
/* End PBXResourcesBuildPhase section */

/* Begin PBXSourcesBuildPhase section */
		96DC43DD1D805A3D00B01B94 /* Sources */ = {
			isa = PBXSourcesBuildPhase;
			buildActionMask = 2147483647;
			files = (
				96DC43E71D805A3D00B01B94 /* ViewController.swift in Sources */,
				96DC43E51D805A3D00B01B94 /* AppDelegate.swift in Sources */,
			);
			runOnlyForDeploymentPostprocessing = 0;
		};
		96DC43F11D805A3D00B01B94 /* Sources */ = {
			isa = PBXSourcesBuildPhase;
			buildActionMask = 2147483647;
			files = (
				96DC43FA1D805A3D00B01B94 /* VersionTwoTests.swift in Sources */,
			);
			runOnlyForDeploymentPostprocessing = 0;
		};
		96DC43FC1D805A3D00B01B94 /* Sources */ = {
			isa = PBXSourcesBuildPhase;
			buildActionMask = 2147483647;
			files = (
				96DC44051D805A3D00B01B94 /* VersionTwoUITests.swift in Sources */,
			);
			runOnlyForDeploymentPostprocessing = 0;
		};
/* End PBXSourcesBuildPhase section */

/* Begin PBXTargetDependency section */
		96DC43F71D805A3D00B01B94 /* PBXTargetDependency */ = {
			isa = PBXTargetDependency;
			target = 96DC43E01D805A3D00B01B94 /* VersionTwo */;
			targetProxy = 96DC43F61D805A3D00B01B94 /* PBXContainerItemProxy */;
		};
		96DC44021D805A3D00B01B94 /* PBXTargetDependency */ = {
			isa = PBXTargetDependency;
			target = 96DC43E01D805A3D00B01B94 /* VersionTwo */;
			targetProxy = 96DC44011D805A3D00B01B94 /* PBXContainerItemProxy */;
		};
/* End PBXTargetDependency section */

/* Begin PBXVariantGroup section */
		96DC43E81D805A3D00B01B94 /* Main.storyboard */ = {
			isa = PBXVariantGroup;
			children = (
				96DC43E91D805A3D00B01B94 /* Base */,
			);
			name = Main.storyboard;
			sourceTree = "<group>";
		};
		96DC43ED1D805A3D00B01B94 /* LaunchScreen.storyboard */ = {
			isa = PBXVariantGroup;
			children = (
				96DC43EE1D805A3D00B01B94 /* Base */,
			);
			name = LaunchScreen.storyboard;
			sourceTree = "<group>";
		};
/* End PBXVariantGroup section */

/* Begin XCBuildConfiguration section */
		96DC44071D805A3D00B01B94 /* Debug */ = {
			isa = XCBuildConfiguration;
			buildSettings = {
				ALWAYS_SEARCH_USER_PATHS = NO;
				CLANG_ANALYZER_NONNULL = YES;
				CLANG_CXX_LANGUAGE_STANDARD = "gnu++0x";
				CLANG_CXX_LIBRARY = "libc++";
				CLANG_ENABLE_MODULES = YES;
				CLANG_ENABLE_OBJC_ARC = YES;
				CLANG_WARN_BOOL_CONVERSION = YES;
				CLANG_WARN_CONSTANT_CONVERSION = YES;
				CLANG_WARN_DIRECT_OBJC_ISA_USAGE = YES_ERROR;
				CLANG_WARN_DOCUMENTATION_COMMENTS = YES;
				CLANG_WARN_EMPTY_BODY = YES;
				CLANG_WARN_ENUM_CONVERSION = YES;
				CLANG_WARN_INFINITE_RECURSION = YES;
				CLANG_WARN_INT_CONVERSION = YES;
				CLANG_WARN_OBJC_ROOT_CLASS = YES_ERROR;
				CLANG_WARN_SUSPICIOUS_MOVES = YES;
				CLANG_WARN_UNREACHABLE_CODE = YES;
				CLANG_WARN__DUPLICATE_METHOD_MATCH = YES;
				"CODE_SIGN_IDENTITY[sdk=iphoneos*]" = "iPhone Developer";
				COPY_PHASE_STRIP = NO;
				DEBUG_INFORMATION_FORMAT = dwarf;
				ENABLE_STRICT_OBJC_MSGSEND = YES;
				ENABLE_TESTABILITY = YES;
				GCC_C_LANGUAGE_STANDARD = gnu99;
				GCC_DYNAMIC_NO_PIC = NO;
				GCC_NO_COMMON_BLOCKS = YES;
				GCC_OPTIMIZATION_LEVEL = 0;
				GCC_PREPROCESSOR_DEFINITIONS = (
					"DEBUG=1",
					"$(inherited)",
				);
				GCC_WARN_64_TO_32_BIT_CONVERSION = YES;
				GCC_WARN_ABOUT_RETURN_TYPE = YES_ERROR;
				GCC_WARN_UNDECLARED_SELECTOR = YES;
				GCC_WARN_UNINITIALIZED_AUTOS = YES_AGGRESSIVE;
				GCC_WARN_UNUSED_FUNCTION = YES;
				GCC_WARN_UNUSED_VARIABLE = YES;
				IPHONEOS_DEPLOYMENT_TARGET = 10.0;
				MTL_ENABLE_DEBUG_INFO = YES;
				ONLY_ACTIVE_ARCH = YES;
				SDKROOT = iphoneos;
				SWIFT_ACTIVE_COMPILATION_CONDITIONS = DEBUG;
				SWIFT_OPTIMIZATION_LEVEL = "-Onone";
				TARGETED_DEVICE_FAMILY = "1,2";
			};
			name = Debug;
		};
		96DC44081D805A3D00B01B94 /* Release */ = {
			isa = XCBuildConfiguration;
			buildSettings = {
				ALWAYS_SEARCH_USER_PATHS = NO;
				CLANG_ANALYZER_NONNULL = YES;
				CLANG_CXX_LANGUAGE_STANDARD = "gnu++0x";
				CLANG_CXX_LIBRARY = "libc++";
				CLANG_ENABLE_MODULES = YES;
				CLANG_ENABLE_OBJC_ARC = YES;
				CLANG_WARN_BOOL_CONVERSION = YES;
				CLANG_WARN_CONSTANT_CONVERSION = YES;
				CLANG_WARN_DIRECT_OBJC_ISA_USAGE = YES_ERROR;
				CLANG_WARN_DOCUMENTATION_COMMENTS = YES;
				CLANG_WARN_EMPTY_BODY = YES;
				CLANG_WARN_ENUM_CONVERSION = YES;
				CLANG_WARN_INFINITE_RECURSION = YES;
				CLANG_WARN_INT_CONVERSION = YES;
				CLANG_WARN_OBJC_ROOT_CLASS = YES_ERROR;
				CLANG_WARN_SUSPICIOUS_MOVES = YES;
				CLANG_WARN_UNREACHABLE_CODE = YES;
				CLANG_WARN__DUPLICATE_METHOD_MATCH = YES;
				"CODE_SIGN_IDENTITY[sdk=iphoneos*]" = "iPhone Developer";
				COPY_PHASE_STRIP = NO;
				DEBUG_INFORMATION_FORMAT = "dwarf-with-dsym";
				ENABLE_NS_ASSERTIONS = NO;
				ENABLE_STRICT_OBJC_MSGSEND = YES;
				GCC_C_LANGUAGE_STANDARD = gnu99;
				GCC_NO_COMMON_BLOCKS = YES;
				GCC_WARN_64_TO_32_BIT_CONVERSION = YES;
				GCC_WARN_ABOUT_RETURN_TYPE = YES_ERROR;
				GCC_WARN_UNDECLARED_SELECTOR = YES;
				GCC_WARN_UNINITIALIZED_AUTOS = YES_AGGRESSIVE;
				GCC_WARN_UNUSED_FUNCTION = YES;
				GCC_WARN_UNUSED_VARIABLE = YES;
				IPHONEOS_DEPLOYMENT_TARGET = 10.0;
				MTL_ENABLE_DEBUG_INFO = NO;
				SDKROOT = iphoneos;
				SWIFT_OPTIMIZATION_LEVEL = "-Owholemodule";
				TARGETED_DEVICE_FAMILY = "1,2";
				VALIDATE_PRODUCT = YES;
			};
			name = Release;
		};
		96DC440A1D805A3D00B01B94 /* Debug */ = {
			isa = XCBuildConfiguration;
			buildSettings = {
				ASSETCATALOG_COMPILER_APPICON_NAME = AppIcon;
				DEVELOPMENT_TEAM = K8HU92W3ZM;
				INFOPLIST_FILE = VersionTwo/Info.plist;
				LD_RUNPATH_SEARCH_PATHS = "$(inherited) @executable_path/Frameworks";
				PRODUCT_BUNDLE_IDENTIFIER = com.Skedaddle.VersionTwo;
				PRODUCT_NAME = "$(TARGET_NAME)";
				SWIFT_VERSION = 3.0;
			};
			name = Debug;
		};
		96DC440B1D805A3D00B01B94 /* Release */ = {
			isa = XCBuildConfiguration;
			buildSettings = {
				ASSETCATALOG_COMPILER_APPICON_NAME = AppIcon;
				DEVELOPMENT_TEAM = K8HU92W3ZM;
				INFOPLIST_FILE = VersionTwo/Info.plist;
				LD_RUNPATH_SEARCH_PATHS = "$(inherited) @executable_path/Frameworks";
				PRODUCT_BUNDLE_IDENTIFIER = com.Skedaddle.VersionTwo;
				PRODUCT_NAME = "$(TARGET_NAME)";
				SWIFT_VERSION = 3.0;
			};
			name = Release;
		};
		96DC440D1D805A3D00B01B94 /* Debug */ = {
			isa = XCBuildConfiguration;
			buildSettings = {
				ALWAYS_EMBED_SWIFT_STANDARD_LIBRARIES = YES;
				BUNDLE_LOADER = "$(TEST_HOST)";
				DEVELOPMENT_TEAM = K8HU92W3ZM;
				INFOPLIST_FILE = VersionTwoTests/Info.plist;
				LD_RUNPATH_SEARCH_PATHS = "$(inherited) @executable_path/Frameworks @loader_path/Frameworks";
				PRODUCT_BUNDLE_IDENTIFIER = com.Skedaddle.VersionTwoTests;
				PRODUCT_NAME = "$(TARGET_NAME)";
				SWIFT_VERSION = 3.0;
				TEST_HOST = "$(BUILT_PRODUCTS_DIR)/VersionTwo.app/VersionTwo";
			};
			name = Debug;
		};
		96DC440E1D805A3D00B01B94 /* Release */ = {
			isa = XCBuildConfiguration;
			buildSettings = {
				ALWAYS_EMBED_SWIFT_STANDARD_LIBRARIES = YES;
				BUNDLE_LOADER = "$(TEST_HOST)";
				DEVELOPMENT_TEAM = K8HU92W3ZM;
				INFOPLIST_FILE = VersionTwoTests/Info.plist;
				LD_RUNPATH_SEARCH_PATHS = "$(inherited) @executable_path/Frameworks @loader_path/Frameworks";
				PRODUCT_BUNDLE_IDENTIFIER = com.Skedaddle.VersionTwoTests;
				PRODUCT_NAME = "$(TARGET_NAME)";
				SWIFT_VERSION = 3.0;
				TEST_HOST = "$(BUILT_PRODUCTS_DIR)/VersionTwo.app/VersionTwo";
			};
			name = Release;
		};
		96DC44101D805A3D00B01B94 /* Debug */ = {
			isa = XCBuildConfiguration;
			buildSettings = {
				ALWAYS_EMBED_SWIFT_STANDARD_LIBRARIES = YES;
				DEVELOPMENT_TEAM = K8HU92W3ZM;
				INFOPLIST_FILE = VersionTwoUITests/Info.plist;
				LD_RUNPATH_SEARCH_PATHS = "$(inherited) @executable_path/Frameworks @loader_path/Frameworks";
				PRODUCT_BUNDLE_IDENTIFIER = com.Skedaddle.VersionTwoUITests;
				PRODUCT_NAME = "$(TARGET_NAME)";
				SWIFT_VERSION = 3.0;
				TEST_TARGET_NAME = VersionTwo;
			};
			name = Debug;
		};
		96DC44111D805A3D00B01B94 /* Release */ = {
			isa = XCBuildConfiguration;
			buildSettings = {
				ALWAYS_EMBED_SWIFT_STANDARD_LIBRARIES = YES;
				DEVELOPMENT_TEAM = K8HU92W3ZM;
				INFOPLIST_FILE = VersionTwoUITests/Info.plist;
				LD_RUNPATH_SEARCH_PATHS = "$(inherited) @executable_path/Frameworks @loader_path/Frameworks";
				PRODUCT_BUNDLE_IDENTIFIER = com.Skedaddle.VersionTwoUITests;
				PRODUCT_NAME = "$(TARGET_NAME)";
				SWIFT_VERSION = 3.0;
				TEST_TARGET_NAME = VersionTwo;
			};
			name = Release;
		};
/* End XCBuildConfiguration section */

/* Begin XCConfigurationList section */
		96DC43DC1D805A3D00B01B94 /* Build configuration list for PBXProject "VersionTwo" */ = {
			isa = XCConfigurationList;
			buildConfigurations = (
				96DC44071D805A3D00B01B94 /* Debug */,
				96DC44081D805A3D00B01B94 /* Release */,
			);
			defaultConfigurationIsVisible = 0;
			defaultConfigurationName = Release;
		};
		96DC44091D805A3D00B01B94 /* Build configuration list for PBXNativeTarget "VersionTwo" */ = {
			isa = XCConfigurationList;
			buildConfigurations = (
				96DC440A1D805A3D00B01B94 /* Debug */,
				96DC440B1D805A3D00B01B94 /* Release */,
			);
			defaultConfigurationIsVisible = 0;
		};
		96DC440C1D805A3D00B01B94 /* Build configuration list for PBXNativeTarget "VersionTwoTests" */ = {
			isa = XCConfigurationList;
			buildConfigurations = (
				96DC440D1D805A3D00B01B94 /* Debug */,
				96DC440E1D805A3D00B01B94 /* Release */,
			);
			defaultConfigurationIsVisible = 0;
		};
		96DC440F1D805A3D00B01B94 /* Build configuration list for PBXNativeTarget "VersionTwoUITests" */ = {
			isa = XCConfigurationList;
			buildConfigurations = (
				96DC44101D805A3D00B01B94 /* Debug */,
				96DC44111D805A3D00B01B94 /* Release */,
			);
			defaultConfigurationIsVisible = 0;
		};
/* End XCConfigurationList section */
	};
	rootObject = 96DC43D91D805A3D00B01B94 /* Project object */;
}
